// !$*UTF8*$!
{
	archiveVersion = 1;
	classes = {
	};
	objectVersion = 50;
	objects = {

/* Begin PBXBuildFile section */
		39E84C67260B32BD00776AE7 /* StaticRouteHelperApp.swift in Sources */ = {isa = PBXBuildFile; fileRef = 39E84C66260B32BD00776AE7 /* StaticRouteHelperApp.swift */; };
		39E84C69260B32BD00776AE7 /* ContentView.swift in Sources */ = {isa = PBXBuildFile; fileRef = 39E84C68260B32BD00776AE7 /* ContentView.swift */; };
		39E84C6B260B32BF00776AE7 /* Assets.xcassets in Resources */ = {isa = PBXBuildFile; fileRef = 39E84C6A260B32BF00776AE7 /* Assets.xcassets */; };
		39E84C6E260B32BF00776AE7 /* Preview Assets.xcassets in Resources */ = {isa = PBXBuildFile; fileRef = 39E84C6D260B32BF00776AE7 /* Preview Assets.xcassets */; };
		39E84C7A260B32BF00776AE7 /* StaticRouteHelperTests.swift in Sources */ = {isa = PBXBuildFile; fileRef = 39E84C79260B32BF00776AE7 /* StaticRouteHelperTests.swift */; };
		39E84C85260B32BF00776AE7 /* StaticRouteHelperUITests.swift in Sources */ = {isa = PBXBuildFile; fileRef = 39E84C84260B32BF00776AE7 /* StaticRouteHelperUITests.swift */; };
/* End PBXBuildFile section */

/* Begin PBXContainerItemProxy section */
		39E84C76260B32BF00776AE7 /* PBXContainerItemProxy */ = {
			isa = PBXContainerItemProxy;
			containerPortal = 39E84C5B260B32BD00776AE7 /* Project object */;
			proxyType = 1;
			remoteGlobalIDString = 39E84C62260B32BD00776AE7;
			remoteInfo = StaticRouteHelper;
		};
		39E84C81260B32BF00776AE7 /* PBXContainerItemProxy */ = {
			isa = PBXContainerItemProxy;
			containerPortal = 39E84C5B260B32BD00776AE7 /* Project object */;
			proxyType = 1;
			remoteGlobalIDString = 39E84C62260B32BD00776AE7;
			remoteInfo = StaticRouteHelper;
		};
/* End PBXContainerItemProxy section */

/* Begin PBXFileReference section */
		39E84C63260B32BD00776AE7 /* StaticRouteHelper.app */ = {isa = PBXFileReference; explicitFileType = wrapper.application; includeInIndex = 0; path = StaticRouteHelper.app; sourceTree = BUILT_PRODUCTS_DIR; };
		39E84C66260B32BD00776AE7 /* StaticRouteHelperApp.swift */ = {isa = PBXFileReference; lastKnownFileType = sourcecode.swift; path = StaticRouteHelperApp.swift; sourceTree = "<group>"; };
		39E84C68260B32BD00776AE7 /* ContentView.swift */ = {isa = PBXFileReference; lastKnownFileType = sourcecode.swift; path = ContentView.swift; sourceTree = "<group>"; };
		39E84C6A260B32BF00776AE7 /* Assets.xcassets */ = {isa = PBXFileReference; lastKnownFileType = folder.assetcatalog; path = Assets.xcassets; sourceTree = "<group>"; };
		39E84C6D260B32BF00776AE7 /* Preview Assets.xcassets */ = {isa = PBXFileReference; lastKnownFileType = folder.assetcatalog; path = "Preview Assets.xcassets"; sourceTree = "<group>"; };
		39E84C6F260B32BF00776AE7 /* Info.plist */ = {isa = PBXFileReference; lastKnownFileType = text.plist.xml; path = Info.plist; sourceTree = "<group>"; };
		39E84C70260B32BF00776AE7 /* StaticRouteHelper.entitlements */ = {isa = PBXFileReference; lastKnownFileType = text.plist.entitlements; path = StaticRouteHelper.entitlements; sourceTree = "<group>"; };
		39E84C75260B32BF00776AE7 /* StaticRouteHelperTests.xctest */ = {isa = PBXFileReference; explicitFileType = wrapper.cfbundle; includeInIndex = 0; path = StaticRouteHelperTests.xctest; sourceTree = BUILT_PRODUCTS_DIR; };
		39E84C79260B32BF00776AE7 /* StaticRouteHelperTests.swift */ = {isa = PBXFileReference; lastKnownFileType = sourcecode.swift; path = StaticRouteHelperTests.swift; sourceTree = "<group>"; };
		39E84C7B260B32BF00776AE7 /* Info.plist */ = {isa = PBXFileReference; lastKnownFileType = text.plist.xml; path = Info.plist; sourceTree = "<group>"; };
		39E84C80260B32BF00776AE7 /* StaticRouteHelperUITests.xctest */ = {isa = PBXFileReference; explicitFileType = wrapper.cfbundle; includeInIndex = 0; path = StaticRouteHelperUITests.xctest; sourceTree = BUILT_PRODUCTS_DIR; };
		39E84C84260B32BF00776AE7 /* StaticRouteHelperUITests.swift */ = {isa = PBXFileReference; lastKnownFileType = sourcecode.swift; path = StaticRouteHelperUITests.swift; sourceTree = "<group>"; };
		39E84C86260B32BF00776AE7 /* Info.plist */ = {isa = PBXFileReference; lastKnownFileType = text.plist.xml; path = Info.plist; sourceTree = "<group>"; };
/* End PBXFileReference section */

/* Begin PBXFrameworksBuildPhase section */
		39E84C60260B32BD00776AE7 /* Frameworks */ = {
			isa = PBXFrameworksBuildPhase;
			buildActionMask = 2147483647;
			files = (
			);
			runOnlyForDeploymentPostprocessing = 0;
		};
		39E84C72260B32BF00776AE7 /* Frameworks */ = {
			isa = PBXFrameworksBuildPhase;
			buildActionMask = 2147483647;
			files = (
			);
			runOnlyForDeploymentPostprocessing = 0;
		};
		39E84C7D260B32BF00776AE7 /* Frameworks */ = {
			isa = PBXFrameworksBuildPhase;
			buildActionMask = 2147483647;
			files = (
			);
			runOnlyForDeploymentPostprocessing = 0;
		};
/* End PBXFrameworksBuildPhase section */

/* Begin PBXGroup section */
		39E84C5A260B32BD00776AE7 = {
			isa = PBXGroup;
			children = (
				39E84C65260B32BD00776AE7 /* StaticRouteHelper */,
				39E84C78260B32BF00776AE7 /* StaticRouteHelperTests */,
				39E84C83260B32BF00776AE7 /* StaticRouteHelperUITests */,
				39E84C64260B32BD00776AE7 /* Products */,
			);
			sourceTree = "<group>";
		};
		39E84C64260B32BD00776AE7 /* Products */ = {
			isa = PBXGroup;
			children = (
				39E84C63260B32BD00776AE7 /* StaticRouteHelper.app */,
				39E84C75260B32BF00776AE7 /* StaticRouteHelperTests.xctest */,
				39E84C80260B32BF00776AE7 /* StaticRouteHelperUITests.xctest */,
			);
			name = Products;
			sourceTree = "<group>";
		};
		39E84C65260B32BD00776AE7 /* StaticRouteHelper */ = {
			isa = PBXGroup;
			children = (
				39E84C66260B32BD00776AE7 /* StaticRouteHelperApp.swift */,
				39E84C68260B32BD00776AE7 /* ContentView.swift */,
				39E84C6A260B32BF00776AE7 /* Assets.xcassets */,
				39E84C6F260B32BF00776AE7 /* Info.plist */,
				39E84C70260B32BF00776AE7 /* StaticRouteHelper.entitlements */,
				39E84C6C260B32BF00776AE7 /* Preview Content */,
			);
			path = StaticRouteHelper;
			sourceTree = "<group>";
		};
		39E84C6C260B32BF00776AE7 /* Preview Content */ = {
			isa = PBXGroup;
			children = (
				39E84C6D260B32BF00776AE7 /* Preview Assets.xcassets */,
			);
			path = "Preview Content";
			sourceTree = "<group>";
		};
		39E84C78260B32BF00776AE7 /* StaticRouteHelperTests */ = {
			isa = PBXGroup;
			children = (
				39E84C79260B32BF00776AE7 /* StaticRouteHelperTests.swift */,
				39E84C7B260B32BF00776AE7 /* Info.plist */,
			);
			path = StaticRouteHelperTests;
			sourceTree = "<group>";
		};
		39E84C83260B32BF00776AE7 /* StaticRouteHelperUITests */ = {
			isa = PBXGroup;
			children = (
				39E84C84260B32BF00776AE7 /* StaticRouteHelperUITests.swift */,
				39E84C86260B32BF00776AE7 /* Info.plist */,
			);
			path = StaticRouteHelperUITests;
			sourceTree = "<group>";
		};
/* End PBXGroup section */

/* Begin PBXNativeTarget section */
		39E84C62260B32BD00776AE7 /* StaticRouteHelper */ = {
			isa = PBXNativeTarget;
			buildConfigurationList = 39E84C89260B32BF00776AE7 /* Build configuration list for PBXNativeTarget "StaticRouteHelper" */;
			buildPhases = (
				39E84C5F260B32BD00776AE7 /* Sources */,
				39E84C60260B32BD00776AE7 /* Frameworks */,
				39E84C61260B32BD00776AE7 /* Resources */,
			);
			buildRules = (
			);
			dependencies = (
			);
			name = StaticRouteHelper;
			productName = StaticRouteHelper;
			productReference = 39E84C63260B32BD00776AE7 /* StaticRouteHelper.app */;
			productType = "com.apple.product-type.application";
		};
		39E84C74260B32BF00776AE7 /* StaticRouteHelperTests */ = {
			isa = PBXNativeTarget;
			buildConfigurationList = 39E84C8C260B32BF00776AE7 /* Build configuration list for PBXNativeTarget "StaticRouteHelperTests" */;
			buildPhases = (
				39E84C71260B32BF00776AE7 /* Sources */,
				39E84C72260B32BF00776AE7 /* Frameworks */,
				39E84C73260B32BF00776AE7 /* Resources */,
			);
			buildRules = (
			);
			dependencies = (
				39E84C77260B32BF00776AE7 /* PBXTargetDependency */,
			);
			name = StaticRouteHelperTests;
			productName = StaticRouteHelperTests;
			productReference = 39E84C75260B32BF00776AE7 /* StaticRouteHelperTests.xctest */;
			productType = "com.apple.product-type.bundle.unit-test";
		};
		39E84C7F260B32BF00776AE7 /* StaticRouteHelperUITests */ = {
			isa = PBXNativeTarget;
			buildConfigurationList = 39E84C8F260B32BF00776AE7 /* Build configuration list for PBXNativeTarget "StaticRouteHelperUITests" */;
			buildPhases = (
				39E84C7C260B32BF00776AE7 /* Sources */,
				39E84C7D260B32BF00776AE7 /* Frameworks */,
				39E84C7E260B32BF00776AE7 /* Resources */,
			);
			buildRules = (
			);
			dependencies = (
				39E84C82260B32BF00776AE7 /* PBXTargetDependency */,
			);
			name = StaticRouteHelperUITests;
			productName = StaticRouteHelperUITests;
			productReference = 39E84C80260B32BF00776AE7 /* StaticRouteHelperUITests.xctest */;
			productType = "com.apple.product-type.bundle.ui-testing";
		};
/* End PBXNativeTarget section */

/* Begin PBXProject section */
		39E84C5B260B32BD00776AE7 /* Project object */ = {
			isa = PBXProject;
			attributes = {
				LastSwiftUpdateCheck = 1240;
				LastUpgradeCheck = 1240;
				TargetAttributes = {
					39E84C62260B32BD00776AE7 = {
						CreatedOnToolsVersion = 12.4;
					};
					39E84C74260B32BF00776AE7 = {
						CreatedOnToolsVersion = 12.4;
						TestTargetID = 39E84C62260B32BD00776AE7;
					};
					39E84C7F260B32BF00776AE7 = {
						CreatedOnToolsVersion = 12.4;
						TestTargetID = 39E84C62260B32BD00776AE7;
					};
				};
			};
			buildConfigurationList = 39E84C5E260B32BD00776AE7 /* Build configuration list for PBXProject "StaticRouteHelper" */;
			compatibilityVersion = "Xcode 9.3";
			developmentRegion = en;
			hasScannedForEncodings = 0;
			knownRegions = (
				en,
				Base,
			);
			mainGroup = 39E84C5A260B32BD00776AE7;
			productRefGroup = 39E84C64260B32BD00776AE7 /* Products */;
			projectDirPath = "";
			projectRoot = "";
			targets = (
				39E84C62260B32BD00776AE7 /* StaticRouteHelper */,
				39E84C74260B32BF00776AE7 /* StaticRouteHelperTests */,
				39E84C7F260B32BF00776AE7 /* StaticRouteHelperUITests */,
			);
		};
/* End PBXProject section */

/* Begin PBXResourcesBuildPhase section */
		39E84C61260B32BD00776AE7 /* Resources */ = {
			isa = PBXResourcesBuildPhase;
			buildActionMask = 2147483647;
			files = (
				39E84C6E260B32BF00776AE7 /* Preview Assets.xcassets in Resources */,
				39E84C6B260B32BF00776AE7 /* Assets.xcassets in Resources */,
			);
			runOnlyForDeploymentPostprocessing = 0;
		};
		39E84C73260B32BF00776AE7 /* Resources */ = {
			isa = PBXResourcesBuildPhase;
			buildActionMask = 2147483647;
			files = (
			);
			runOnlyForDeploymentPostprocessing = 0;
		};
		39E84C7E260B32BF00776AE7 /* Resources */ = {
			isa = PBXResourcesBuildPhase;
			buildActionMask = 2147483647;
			files = (
			);
			runOnlyForDeploymentPostprocessing = 0;
		};
/* End PBXResourcesBuildPhase section */

/* Begin PBXSourcesBuildPhase section */
		39E84C5F260B32BD00776AE7 /* Sources */ = {
			isa = PBXSourcesBuildPhase;
			buildActionMask = 2147483647;
			files = (
				39E84C69260B32BD00776AE7 /* ContentView.swift in Sources */,
				39E84C67260B32BD00776AE7 /* StaticRouteHelperApp.swift in Sources */,
			);
			runOnlyForDeploymentPostprocessing = 0;
		};
		39E84C71260B32BF00776AE7 /* Sources */ = {
			isa = PBXSourcesBuildPhase;
			buildActionMask = 2147483647;
			files = (
				39E84C7A260B32BF00776AE7 /* StaticRouteHelperTests.swift in Sources */,
			);
			runOnlyForDeploymentPostprocessing = 0;
		};
		39E84C7C260B32BF00776AE7 /* Sources */ = {
			isa = PBXSourcesBuildPhase;
			buildActionMask = 2147483647;
			files = (
				39E84C85260B32BF00776AE7 /* StaticRouteHelperUITests.swift in Sources */,
			);
			runOnlyForDeploymentPostprocessing = 0;
		};
/* End PBXSourcesBuildPhase section */

/* Begin PBXTargetDependency section */
		39E84C77260B32BF00776AE7 /* PBXTargetDependency */ = {
			isa = PBXTargetDependency;
			target = 39E84C62260B32BD00776AE7 /* StaticRouteHelper */;
			targetProxy = 39E84C76260B32BF00776AE7 /* PBXContainerItemProxy */;
		};
		39E84C82260B32BF00776AE7 /* PBXTargetDependency */ = {
			isa = PBXTargetDependency;
			target = 39E84C62260B32BD00776AE7 /* StaticRouteHelper */;
			targetProxy = 39E84C81260B32BF00776AE7 /* PBXContainerItemProxy */;
		};
/* End PBXTargetDependency section */

/* Begin XCBuildConfiguration section */
		39E84C87260B32BF00776AE7 /* Debug */ = {
			isa = XCBuildConfiguration;
			buildSettings = {
				ALWAYS_SEARCH_USER_PATHS = NO;
				CLANG_ANALYZER_NONNULL = YES;
				CLANG_ANALYZER_NUMBER_OBJECT_CONVERSION = YES_AGGRESSIVE;
				CLANG_CXX_LANGUAGE_STANDARD = "gnu++14";
				CLANG_CXX_LIBRARY = "libc++";
				CLANG_ENABLE_MODULES = YES;
				CLANG_ENABLE_OBJC_ARC = YES;
				CLANG_ENABLE_OBJC_WEAK = YES;
				CLANG_WARN_BLOCK_CAPTURE_AUTORELEASING = YES;
				CLANG_WARN_BOOL_CONVERSION = YES;
				CLANG_WARN_COMMA = YES;
				CLANG_WARN_CONSTANT_CONVERSION = YES;
				CLANG_WARN_DEPRECATED_OBJC_IMPLEMENTATIONS = YES;
				CLANG_WARN_DIRECT_OBJC_ISA_USAGE = YES_ERROR;
				CLANG_WARN_DOCUMENTATION_COMMENTS = YES;
				CLANG_WARN_EMPTY_BODY = YES;
				CLANG_WARN_ENUM_CONVERSION = YES;
				CLANG_WARN_INFINITE_RECURSION = YES;
				CLANG_WARN_INT_CONVERSION = YES;
				CLANG_WARN_NON_LITERAL_NULL_CONVERSION = YES;
				CLANG_WARN_OBJC_IMPLICIT_RETAIN_SELF = YES;
				CLANG_WARN_OBJC_LITERAL_CONVERSION = YES;
				CLANG_WARN_OBJC_ROOT_CLASS = YES_ERROR;
				CLANG_WARN_QUOTED_INCLUDE_IN_FRAMEWORK_HEADER = YES;
				CLANG_WARN_RANGE_LOOP_ANALYSIS = YES;
				CLANG_WARN_STRICT_PROTOTYPES = YES;
				CLANG_WARN_SUSPICIOUS_MOVE = YES;
				CLANG_WARN_UNGUARDED_AVAILABILITY = YES_AGGRESSIVE;
				CLANG_WARN_UNREACHABLE_CODE = YES;
				CLANG_WARN__DUPLICATE_METHOD_MATCH = YES;
				COPY_PHASE_STRIP = NO;
				DEBUG_INFORMATION_FORMAT = dwarf;
				ENABLE_STRICT_OBJC_MSGSEND = YES;
				ENABLE_TESTABILITY = YES;
				GCC_C_LANGUAGE_STANDARD = gnu11;
				GCC_DYNAMIC_NO_PIC = NO;
				GCC_NO_COMMON_BLOCKS = YES;
				GCC_OPTIMIZATION_LEVEL = 0;
				GCC_PREPROCESSOR_DEFINITIONS = (
					"DEBUG=1",
					"$(inherited)",
				);
				GCC_WARN_64_TO_32_BIT_CONVERSION = YES;
				GCC_WARN_ABOUT_RETURN_TYPE = YES_ERROR;
				GCC_WARN_UNDECLARED_SELECTOR = YES;
				GCC_WARN_UNINITIALIZED_AUTOS = YES_AGGRESSIVE;
				GCC_WARN_UNUSED_FUNCTION = YES;
				GCC_WARN_UNUSED_VARIABLE = YES;
				MACOSX_DEPLOYMENT_TARGET = 11.1;
				MTL_ENABLE_DEBUG_INFO = INCLUDE_SOURCE;
				MTL_FAST_MATH = YES;
				ONLY_ACTIVE_ARCH = YES;
				SDKROOT = macosx;
				SWIFT_ACTIVE_COMPILATION_CONDITIONS = DEBUG;
				SWIFT_OPTIMIZATION_LEVEL = "-Onone";
			};
			name = Debug;
		};
		39E84C88260B32BF00776AE7 /* Release */ = {
			isa = XCBuildConfiguration;
			buildSettings = {
				ALWAYS_SEARCH_USER_PATHS = NO;
				CLANG_ANALYZER_NONNULL = YES;
				CLANG_ANALYZER_NUMBER_OBJECT_CONVERSION = YES_AGGRESSIVE;
				CLANG_CXX_LANGUAGE_STANDARD = "gnu++14";
				CLANG_CXX_LIBRARY = "libc++";
				CLANG_ENABLE_MODULES = YES;
				CLANG_ENABLE_OBJC_ARC = YES;
				CLANG_ENABLE_OBJC_WEAK = YES;
				CLANG_WARN_BLOCK_CAPTURE_AUTORELEASING = YES;
				CLANG_WARN_BOOL_CONVERSION = YES;
				CLANG_WARN_COMMA = YES;
				CLANG_WARN_CONSTANT_CONVERSION = YES;
				CLANG_WARN_DEPRECATED_OBJC_IMPLEMENTATIONS = YES;
				CLANG_WARN_DIRECT_OBJC_ISA_USAGE = YES_ERROR;
				CLANG_WARN_DOCUMENTATION_COMMENTS = YES;
				CLANG_WARN_EMPTY_BODY = YES;
				CLANG_WARN_ENUM_CONVERSION = YES;
				CLANG_WARN_INFINITE_RECURSION = YES;
				CLANG_WARN_INT_CONVERSION = YES;
				CLANG_WARN_NON_LITERAL_NULL_CONVERSION = YES;
				CLANG_WARN_OBJC_IMPLICIT_RETAIN_SELF = YES;
				CLANG_WARN_OBJC_LITERAL_CONVERSION = YES;
				CLANG_WARN_OBJC_ROOT_CLASS = YES_ERROR;
				CLANG_WARN_QUOTED_INCLUDE_IN_FRAMEWORK_HEADER = YES;
				CLANG_WARN_RANGE_LOOP_ANALYSIS = YES;
				CLANG_WARN_STRICT_PROTOTYPES = YES;
				CLANG_WARN_SUSPICIOUS_MOVE = YES;
				CLANG_WARN_UNGUARDED_AVAILABILITY = YES_AGGRESSIVE;
				CLANG_WARN_UNREACHABLE_CODE = YES;
				CLANG_WARN__DUPLICATE_METHOD_MATCH = YES;
				COPY_PHASE_STRIP = NO;
				DEBUG_INFORMATION_FORMAT = "dwarf-with-dsym";
				ENABLE_NS_ASSERTIONS = NO;
				ENABLE_STRICT_OBJC_MSGSEND = YES;
				GCC_C_LANGUAGE_STANDARD = gnu11;
				GCC_NO_COMMON_BLOCKS = YES;
				GCC_WARN_64_TO_32_BIT_CONVERSION = YES;
				GCC_WARN_ABOUT_RETURN_TYPE = YES_ERROR;
				GCC_WARN_UNDECLARED_SELECTOR = YES;
				GCC_WARN_UNINITIALIZED_AUTOS = YES_AGGRESSIVE;
				GCC_WARN_UNUSED_FUNCTION = YES;
				GCC_WARN_UNUSED_VARIABLE = YES;
				MACOSX_DEPLOYMENT_TARGET = 11.1;
				MTL_ENABLE_DEBUG_INFO = NO;
				MTL_FAST_MATH = YES;
				SDKROOT = macosx;
				SWIFT_COMPILATION_MODE = wholemodule;
				SWIFT_OPTIMIZATION_LEVEL = "-O";
			};
			name = Release;
		};
		39E84C8A260B32BF00776AE7 /* Debug */ = {
			isa = XCBuildConfiguration;
			buildSettings = {
				ASSETCATALOG_COMPILER_APPICON_NAME = AppIcon;
				ASSETCATALOG_COMPILER_GLOBAL_ACCENT_COLOR_NAME = AccentColor;
				CODE_SIGN_ENTITLEMENTS = StaticRouteHelper/StaticRouteHelper.entitlements;
				CODE_SIGN_STYLE = Automatic;
				COMBINE_HIDPI_IMAGES = YES;
				DEVELOPMENT_ASSET_PATHS = "\"StaticRouteHelper/Preview Content\"";
				DEVELOPMENT_TEAM = BR63YT2EJJ;
				ENABLE_HARDENED_RUNTIME = YES;
				ENABLE_PREVIEWS = YES;
				INFOPLIST_FILE = StaticRouteHelper/Info.plist;
				LD_RUNPATH_SEARCH_PATHS = (
					"$(inherited)",
					"@executable_path/../Frameworks",
				);
				MACOSX_DEPLOYMENT_TARGET = 11.0;
				PRODUCT_BUNDLE_IDENTIFIER = cn.magicdian.StaticRouteHelper;
				PRODUCT_NAME = "$(TARGET_NAME)";
				SWIFT_VERSION = 5.0;
			};
			name = Debug;
		};
		39E84C8B260B32BF00776AE7 /* Release */ = {
			isa = XCBuildConfiguration;
			buildSettings = {
				ASSETCATALOG_COMPILER_APPICON_NAME = AppIcon;
				ASSETCATALOG_COMPILER_GLOBAL_ACCENT_COLOR_NAME = AccentColor;
				CODE_SIGN_ENTITLEMENTS = StaticRouteHelper/StaticRouteHelper.entitlements;
				CODE_SIGN_STYLE = Automatic;
				COMBINE_HIDPI_IMAGES = YES;
				DEVELOPMENT_ASSET_PATHS = "\"StaticRouteHelper/Preview Content\"";
				DEVELOPMENT_TEAM = BR63YT2EJJ;
				ENABLE_HARDENED_RUNTIME = YES;
				ENABLE_PREVIEWS = YES;
				INFOPLIST_FILE = StaticRouteHelper/Info.plist;
				LD_RUNPATH_SEARCH_PATHS = (
					"$(inherited)",
					"@executable_path/../Frameworks",
				);
				MACOSX_DEPLOYMENT_TARGET = 11.0;
				PRODUCT_BUNDLE_IDENTIFIER = cn.magicdian.StaticRouteHelper;
				PRODUCT_NAME = "$(TARGET_NAME)";
				SWIFT_VERSION = 5.0;
			};
			name = Release;
		};
		39E84C8D260B32BF00776AE7 /* Debug */ = {
			isa = XCBuildConfiguration;
			buildSettings = {
				ALWAYS_EMBED_SWIFT_STANDARD_LIBRARIES = YES;
				BUNDLE_LOADER = "$(TEST_HOST)";
				CODE_SIGN_STYLE = Automatic;
				COMBINE_HIDPI_IMAGES = YES;
				DEVELOPMENT_TEAM = BR63YT2EJJ;
				INFOPLIST_FILE = StaticRouteHelperTests/Info.plist;
				LD_RUNPATH_SEARCH_PATHS = (
					"$(inherited)",
					"@executable_path/../Frameworks",
					"@loader_path/../Frameworks",
				);
				MACOSX_DEPLOYMENT_TARGET = 11.0;
				PRODUCT_BUNDLE_IDENTIFIER = cn.magicdian.StaticRouteHelperTests;
				PRODUCT_NAME = "$(TARGET_NAME)";
				SWIFT_VERSION = 5.0;
				TEST_HOST = "$(BUILT_PRODUCTS_DIR)/StaticRouteHelper.app/Contents/MacOS/StaticRouteHelper";
			};
			name = Debug;
		};
		39E84C8E260B32BF00776AE7 /* Release */ = {
			isa = XCBuildConfiguration;
			buildSettings = {
				ALWAYS_EMBED_SWIFT_STANDARD_LIBRARIES = YES;
				BUNDLE_LOADER = "$(TEST_HOST)";
				CODE_SIGN_STYLE = Automatic;
				COMBINE_HIDPI_IMAGES = YES;
				DEVELOPMENT_TEAM = BR63YT2EJJ;
				INFOPLIST_FILE = StaticRouteHelperTests/Info.plist;
				LD_RUNPATH_SEARCH_PATHS = (
					"$(inherited)",
					"@executable_path/../Frameworks",
					"@loader_path/../Frameworks",
				);
				MACOSX_DEPLOYMENT_TARGET = 11.0;
				PRODUCT_BUNDLE_IDENTIFIER = cn.magicdian.StaticRouteHelperTests;
				PRODUCT_NAME = "$(TARGET_NAME)";
				SWIFT_VERSION = 5.0;
				TEST_HOST = "$(BUILT_PRODUCTS_DIR)/StaticRouteHelper.app/Contents/MacOS/StaticRouteHelper";
			};
			name = Release;
		};
		39E84C90260B32BF00776AE7 /* Debug */ = {
			isa = XCBuildConfiguration;
			buildSettings = {
				ALWAYS_EMBED_SWIFT_STANDARD_LIBRARIES = YES;
				CODE_SIGN_STYLE = Automatic;
				COMBINE_HIDPI_IMAGES = YES;
				DEVELOPMENT_TEAM = BR63YT2EJJ;
				INFOPLIST_FILE = StaticRouteHelperUITests/Info.plist;
				LD_RUNPATH_SEARCH_PATHS = (
					"$(inherited)",
					"@executable_path/../Frameworks",
					"@loader_path/../Frameworks",
				);
				PRODUCT_BUNDLE_IDENTIFIER = cn.magicdian.StaticRouteHelperUITests;
				PRODUCT_NAME = "$(TARGET_NAME)";
				SWIFT_VERSION = 5.0;
				TEST_TARGET_NAME = StaticRouteHelper;
			};
			name = Debug;
		};
		39E84C91260B32BF00776AE7 /* Release */ = {
			isa = XCBuildConfiguration;
			buildSettings = {
				ALWAYS_EMBED_SWIFT_STANDARD_LIBRARIES = YES;
				CODE_SIGN_STYLE = Automatic;
				COMBINE_HIDPI_IMAGES = YES;
				DEVELOPMENT_TEAM = BR63YT2EJJ;
				INFOPLIST_FILE = StaticRouteHelperUITests/Info.plist;
				LD_RUNPATH_SEARCH_PATHS = (
					"$(inherited)",
					"@executable_path/../Frameworks",
					"@loader_path/../Frameworks",
				);
				PRODUCT_BUNDLE_IDENTIFIER = cn.magicdian.StaticRouteHelperUITests;
				PRODUCT_NAME = "$(TARGET_NAME)";
				SWIFT_VERSION = 5.0;
				TEST_TARGET_NAME = StaticRouteHelper;
			};
			name = Release;
		};
/* End XCBuildConfiguration section */

/* Begin XCConfigurationList section */
		39E84C5E260B32BD00776AE7 /* Build configuration list for PBXProject "StaticRouteHelper" */ = {
			isa = XCConfigurationList;
			buildConfigurations = (
				39E84C87260B32BF00776AE7 /* Debug */,
				39E84C88260B32BF00776AE7 /* Release */,
			);
			defaultConfigurationIsVisible = 0;
			defaultConfigurationName = Release;
		};
		39E84C89260B32BF00776AE7 /* Build configuration list for PBXNativeTarget "StaticRouteHelper" */ = {
			isa = XCConfigurationList;
			buildConfigurations = (
				39E84C8A260B32BF00776AE7 /* Debug */,
				39E84C8B260B32BF00776AE7 /* Release */,
			);
			defaultConfigurationIsVisible = 0;
			defaultConfigurationName = Release;
		};
		39E84C8C260B32BF00776AE7 /* Build configuration list for PBXNativeTarget "StaticRouteHelperTests" */ = {
			isa = XCConfigurationList;
			buildConfigurations = (
				39E84C8D260B32BF00776AE7 /* Debug */,
				39E84C8E260B32BF00776AE7 /* Release */,
			);
			defaultConfigurationIsVisible = 0;
			defaultConfigurationName = Release;
		};
		39E84C8F260B32BF00776AE7 /* Build configuration list for PBXNativeTarget "StaticRouteHelperUITests" */ = {
			isa = XCConfigurationList;
			buildConfigurations = (
				39E84C90260B32BF00776AE7 /* Debug */,
				39E84C91260B32BF00776AE7 /* Release */,
			);
			defaultConfigurationIsVisible = 0;
			defaultConfigurationName = Release;
		};
/* End XCConfigurationList section */
	};
	rootObject = 39E84C5B260B32BD00776AE7 /* Project object */;
}
