// !$*UTF8*$!
{
	archiveVersion = 1;
	classes = {
	};
	objectVersion = 54;
	objects = {

/* Begin PBXBuildFile section */
		39229F3129700FFF0013B40F /* MainWindow.swift in Sources */ = {isa = PBXBuildFile; fileRef = 39229F3029700FFF0013B40F /* MainWindow.swift */; };
		39229F35297013270013B40F /* MenuBarCommand.swift in Sources */ = {isa = PBXBuildFile; fileRef = 39229F34297013270013B40F /* MenuBarCommand.swift */; };
		39229F4029725F200013B40F /* SettingsView.swift in Sources */ = {isa = PBXBuildFile; fileRef = 39229F3F29725F200013B40F /* SettingsView.swift */; };
		39229F432972624A0013B40F /* AboutView.swift in Sources */ = {isa = PBXBuildFile; fileRef = 39229F422972624A0013B40F /* AboutView.swift */; };
		39229F4A29726E060013B40F /* PaddedDivider.swift in Sources */ = {isa = PBXBuildFile; fileRef = 39229F4929726E060013B40F /* PaddedDivider.swift */; };
		39229F4C297278C70013B40F /* GeneralSettingsView.swift in Sources */ = {isa = PBXBuildFile; fileRef = 39229F4B297278C70013B40F /* GeneralSettingsView.swift */; };
		AA100004000000000000BB04 /* InstallMethodChooserSheet.swift in Sources */ = {isa = PBXBuildFile; fileRef = AA100003000000000000BB03 /* InstallMethodChooserSheet.swift */; };
		39229F4F29728AA20013B40F /* GeneralSettings_HelperStateView.swift in Sources */ = {isa = PBXBuildFile; fileRef = 39229F4E29728AA20013B40F /* GeneralSettings_HelperStateView.swift */; };
		39229F57297400C10013B40F /* ButtonStyle.swift in Sources */ = {isa = PBXBuildFile; fileRef = 39229F56297400C10013B40F /* ButtonStyle.swift */; };
		39229F592974EDBD0013B40F /* ButtonStyleDemoView.swift in Sources */ = {isa = PBXBuildFile; fileRef = 39229F582974EDBD0013B40F /* ButtonStyleDemoView.swift */; };
		AA100002000000000000BB01 /* StatusBanner.swift in Sources */ = {isa = PBXBuildFile; fileRef = AA100001000000000000BB01 /* StatusBanner.swift */; };
		396255E0296C075400DB6000 /* main.swift in Sources */ = {isa = PBXBuildFile; fileRef = 396255DF296C075400DB6000 /* main.swift */; };
		396255EA296C0D7E00DB6000 /* Blessed in Frameworks */ = {isa = PBXBuildFile; productRef = 396255E9296C0D7E00DB6000 /* Blessed */; };
		396255ED296C0D9300DB6000 /* SecureXPC in Frameworks */ = {isa = PBXBuildFile; productRef = 396255EC296C0D9300DB6000 /* SecureXPC */; };
		396255F0296C0D9C00DB6000 /* Blessed in Frameworks */ = {isa = PBXBuildFile; productRef = 396255EF296C0D9C00DB6000 /* Blessed */; };
		396255F2296C0D9C00DB6000 /* SecureXPC in Frameworks */ = {isa = PBXBuildFile; productRef = 396255F1296C0D9C00DB6000 /* SecureXPC */; };
		396255F5296C0E8900DB6000 /* SharedConstant.swift in Sources */ = {isa = PBXBuildFile; fileRef = 396255F4296C0E8900DB6000 /* SharedConstant.swift */; };
		396255F6296C0E8900DB6000 /* SharedConstant.swift in Sources */ = {isa = PBXBuildFile; fileRef = 396255F4296C0E8900DB6000 /* SharedConstant.swift */; };
		396255FB296C124E00DB6000 /* Localizable.strings in Resources */ = {isa = PBXBuildFile; fileRef = 396255FD296C124E00DB6000 /* Localizable.strings */; };
		39625604296C204200DB6000 /* HelperToolMonitor.swift in Sources */ = {isa = PBXBuildFile; fileRef = 39625603296C204200DB6000 /* HelperToolMonitor.swift */; };
		39625606296C442F00DB6000 /* HelperToolInfoPropertyList.swift in Sources */ = {isa = PBXBuildFile; fileRef = 39625605296C442F00DB6000 /* HelperToolInfoPropertyList.swift */; };
		39625607296C442F00DB6000 /* HelperToolInfoPropertyList.swift in Sources */ = {isa = PBXBuildFile; fileRef = 39625605296C442F00DB6000 /* HelperToolInfoPropertyList.swift */; };
		39625609296C54D400DB6000 /* HelperToolLaunchdPropertyList.swift in Sources */ = {isa = PBXBuildFile; fileRef = 39625608296C54D400DB6000 /* HelperToolLaunchdPropertyList.swift */; };
		3962560A296C54D400DB6000 /* HelperToolLaunchdPropertyList.swift in Sources */ = {isa = PBXBuildFile; fileRef = 39625608296C54D400DB6000 /* HelperToolLaunchdPropertyList.swift */; };
		39625611296EB1E400DB6000 /* ProcessRunner.swift in Sources */ = {isa = PBXBuildFile; fileRef = 39625610296EB1E400DB6000 /* ProcessRunner.swift */; };
		39625612296EB3FA00DB6000 /* cn.magicdian.staticrouter.helper in CopyFiles */ = {isa = PBXBuildFile; fileRef = 396255DD296C075400DB6000 /* cn.magicdian.staticrouter.helper */; settings = {ATTRIBUTES = (CodeSignOnCopy, ); }; };
		39625614296EBB1E00DB6000 /* SelfUninstaller.swift in Sources */ = {isa = PBXBuildFile; fileRef = 39625613296EBB1E00DB6000 /* SelfUninstaller.swift */; };
		39625616296EBDC900DB6000 /* CodeInfo.swift in Sources */ = {isa = PBXBuildFile; fileRef = 39625615296EBDC900DB6000 /* CodeInfo.swift */; };
		39625617296EBDC900DB6000 /* CodeInfo.swift in Sources */ = {isa = PBXBuildFile; fileRef = 39625615296EBDC900DB6000 /* CodeInfo.swift */; };
		3962561B296EE01B00DB6000 /* RouterCommand.swift in Sources */ = {isa = PBXBuildFile; fileRef = 3962561A296EE01B00DB6000 /* RouterCommand.swift */; };
		3962561C296EE01B00DB6000 /* RouterCommand.swift in Sources */ = {isa = PBXBuildFile; fileRef = 3962561A296EE01B00DB6000 /* RouterCommand.swift */; };
		3962561D296EE01C00DB6000 /* PFRouteWriter.swift in Sources */ = {isa = PBXBuildFile; fileRef = 3962561E296EE01C00DB6000 /* PFRouteWriter.swift */; };
		397520C82729397A00E2D96A /* AppModels.swift in Sources */ = {isa = PBXBuildFile; fileRef = 397520C72729397A00E2D96A /* AppModels.swift */; };
		39E84C67260B32BD00776AE7 /* StaticRouteHelperApp.swift in Sources */ = {isa = PBXBuildFile; fileRef = 39E84C66260B32BD00776AE7 /* StaticRouteHelperApp.swift */; };
		39E84C6B260B32BF00776AE7 /* Assets.xcassets in Resources */ = {isa = PBXBuildFile; fileRef = 39E84C6A260B32BF00776AE7 /* Assets.xcassets */; };
		39E84C6E260B32BF00776AE7 /* Preview Assets.xcassets in Resources */ = {isa = PBXBuildFile; fileRef = 39E84C6D260B32BF00776AE7 /* Preview Assets.xcassets */; };
		AA000001000000000000AA01 /* RouteRule.swift in Sources */ = {isa = PBXBuildFile; fileRef = AA000002000000000000AA01 /* RouteRule.swift */; };
		AA000001000000000000AA02 /* RouteGroup.swift in Sources */ = {isa = PBXBuildFile; fileRef = AA000002000000000000AA02 /* RouteGroup.swift */; };
		AA000001000000000000AA03 /* RouteValidator.swift in Sources */ = {isa = PBXBuildFile; fileRef = AA000002000000000000AA03 /* RouteValidator.swift */; };
		AA000001000000000000AA04 /* RouterService.swift in Sources */ = {isa = PBXBuildFile; fileRef = AA000002000000000000AA04 /* RouterService.swift */; };
		AA000001000000000000AA05 /* CoreDataMigrator.swift in Sources */ = {isa = PBXBuildFile; fileRef = AA000002000000000000AA05 /* CoreDataMigrator.swift */; };
		AA000001000000000000AA06 /* RouteStateCalibrator.swift in Sources */ = {isa = PBXBuildFile; fileRef = AA000002000000000000AA06 /* RouteStateCalibrator.swift */; };
		AA000001000000000000AA07 /* SidebarView.swift in Sources */ = {isa = PBXBuildFile; fileRef = AA000002000000000000AA07 /* SidebarView.swift */; };
		AA000001000000000000AA08 /* GroupSheets.swift in Sources */ = {isa = PBXBuildFile; fileRef = AA000002000000000000AA08 /* GroupSheets.swift */; };
		AA000001000000000000AA09 /* RouteListView.swift in Sources */ = {isa = PBXBuildFile; fileRef = AA000002000000000000AA09 /* RouteListView.swift */; };
		AA000001000000000000AA10 /* RouteEditSheet.swift in Sources */ = {isa = PBXBuildFile; fileRef = AA000002000000000000AA10 /* RouteEditSheet.swift */; };
		AA000001000000000000AA11 /* SystemRouteTableView.swift in Sources */ = {isa = PBXBuildFile; fileRef = AA000002000000000000AA11 /* SystemRouteTableView.swift */; };
		AA000001000000000000AA12 /* LegacyTextField.swift in Sources */ = {isa = PBXBuildFile; fileRef = AA000002000000000000AA12 /* LegacyTextField.swift */; };
		AA000001000000000000AA20 /* RouteUtils.swift in Sources */ = {isa = PBXBuildFile; fileRef = AA000002000000000000AA20 /* RouteUtils.swift */; };
		AA000001000000000000AA21 /* SystemRouteReader.swift in Sources */ = {isa = PBXBuildFile; fileRef = AA000002000000000000AA21 /* SystemRouteReader.swift */; };
		AA000001000000000000AA30 /* RouteRuleMO.swift in Sources */ = {isa = PBXBuildFile; fileRef = AA000002000000000000AA30 /* RouteRuleMO.swift */; };
		AA000001000000000000AA31 /* LegacyPersistenceStack.swift in Sources */ = {isa = PBXBuildFile; fileRef = AA000002000000000000AA31 /* LegacyPersistenceStack.swift */; };
		AA000001000000000000AA32 /* LegacyRouteListView.swift in Sources */ = {isa = PBXBuildFile; fileRef = AA000002000000000000AA32 /* LegacyRouteListView.swift */; };
		AA000001000000000000AA33 /* StaticRouteLegacy.xcdatamodeld in Resources */ = {isa = PBXBuildFile; fileRef = AA000002000000000000AA33 /* StaticRouteLegacy.xcdatamodeld */; };
		AA000001000000000000BB01 /* cn.magicdian.staticrouter.helper.plist in CopyFiles */ = {isa = PBXBuildFile; fileRef = 396255E5296C082900DB6000 /* cn.magicdian.staticrouter.helper.plist */; };
		AA000004000000000000BB01 /* cn.magicdian.staticrouter.service.plist in CopyFiles */ = {isa = PBXBuildFile; fileRef = AA000004000000000000BB02 /* cn.magicdian.staticrouter.service.plist */; };
		AA000001000000000000BB02 /* InstallMethod.swift in Sources */ = {isa = PBXBuildFile; fileRef = AA000002000000000000BB02 /* InstallMethod.swift */; };
		AA000001000000000000BB03 /* PrivilegedHelperManager.swift in Sources */ = {isa = PBXBuildFile; fileRef = AA000002000000000000BB03 /* PrivilegedHelperManager.swift */; };
/* End PBXBuildFile section */

/* Begin PBXShellScriptBuildPhase section */
		BB000001000000000000BB01 /* Preprocess Info.plist */ = {
			isa = PBXShellScriptBuildPhase;
			buildActionMask = 2147483647;
			files = (
			);
			inputFileListPaths = (
			);
			inputPaths = (
				"$(SRCROOT)/RouteHelper/Info.plist",
			);
			name = "Preprocess Info.plist";
			outputFileListPaths = (
			);
			outputPaths = (
				"$(DERIVED_FILE_DIR)/ProcessedInfo.plist",
			);
			runOnlyForDeploymentPostprocessing = 0;
			shellPath = /bin/sh;
			shellScript = "# Expand build setting variables in RouteHelper/Info.plist\nPROCESSED=\"${DERIVED_FILE_DIR}/ProcessedInfo.plist\"\ncp \"${SRCROOT}/RouteHelper/Info.plist\" \"${PROCESSED}\"\n/usr/libexec/PlistBuddy -c \"Set :CFBundleVersion ${CURRENT_PROJECT_VERSION}\" \"${PROCESSED}\"\n";
		};
/* End PBXShellScriptBuildPhase section */

/* Begin PBXCopyFilesBuildPhase section */
		396255DB296C075400DB6000 /* CopyFiles */ = {
			isa = PBXCopyFilesBuildPhase;
			buildActionMask = 2147483647;
			dstPath = /usr/share/man/man1/;
			dstSubfolderSpec = 0;
			files = (
			);
			runOnlyForDeploymentPostprocessing = 1;
		};
		396255E6296C08CE00DB6000 /* CopyFiles */ = {
			isa = PBXCopyFilesBuildPhase;
			buildActionMask = 2147483647;
			dstPath = Contents/Library/LaunchServices;
			dstSubfolderSpec = 1;
			files = (
				39625612296EB3FA00DB6000 /* cn.magicdian.staticrouter.helper in CopyFiles */,
			);
			runOnlyForDeploymentPostprocessing = 0;
		};
		AA000002000000000000BB01 /* Copy Launchd Plist */ = {
			isa = PBXCopyFilesBuildPhase;
			buildActionMask = 2147483647;
			dstPath = Contents/Library/LaunchDaemons;
			dstSubfolderSpec = 1;
			files = (
				AA000004000000000000BB01 /* cn.magicdian.staticrouter.service.plist in CopyFiles */,
			);
			runOnlyForDeploymentPostprocessing = 0;
		};
/* End PBXCopyFilesBuildPhase section */

/* Begin PBXFileReference section */
		39229F3029700FFF0013B40F /* MainWindow.swift */ = {isa = PBXFileReference; lastKnownFileType = sourcecode.swift; path = MainWindow.swift; sourceTree = "<group>"; };
		39229F34297013270013B40F /* MenuBarCommand.swift */ = {isa = PBXFileReference; lastKnownFileType = sourcecode.swift; path = MenuBarCommand.swift; sourceTree = "<group>"; };
		39229F3F29725F200013B40F /* SettingsView.swift */ = {isa = PBXFileReference; lastKnownFileType = sourcecode.swift; path = SettingsView.swift; sourceTree = "<group>"; };
		39229F422972624A0013B40F /* AboutView.swift */ = {isa = PBXFileReference; lastKnownFileType = sourcecode.swift; path = AboutView.swift; sourceTree = "<group>"; };
		39229F4929726E060013B40F /* PaddedDivider.swift */ = {isa = PBXFileReference; lastKnownFileType = sourcecode.swift; path = PaddedDivider.swift; sourceTree = "<group>"; };
		39229F4B297278C70013B40F /* GeneralSettingsView.swift */ = {isa = PBXFileReference; lastKnownFileType = sourcecode.swift; path = GeneralSettingsView.swift; sourceTree = "<group>"; };
		AA100003000000000000BB03 /* InstallMethodChooserSheet.swift */ = {isa = PBXFileReference; lastKnownFileType = sourcecode.swift; path = InstallMethodChooserSheet.swift; sourceTree = "<group>"; };
		39229F4E29728AA20013B40F /* GeneralSettings_HelperStateView.swift */ = {isa = PBXFileReference; lastKnownFileType = sourcecode.swift; path = GeneralSettings_HelperStateView.swift; sourceTree = "<group>"; };
		39229F56297400C10013B40F /* ButtonStyle.swift */ = {isa = PBXFileReference; lastKnownFileType = sourcecode.swift; path = ButtonStyle.swift; sourceTree = "<group>"; };
		39229F582974EDBD0013B40F /* ButtonStyleDemoView.swift */ = {isa = PBXFileReference; lastKnownFileType = sourcecode.swift; path = ButtonStyleDemoView.swift; sourceTree = "<group>"; };
		AA100001000000000000BB01 /* StatusBanner.swift */ = {isa = PBXFileReference; lastKnownFileType = sourcecode.swift; path = StatusBanner.swift; sourceTree = "<group>"; };
		396255DD296C075400DB6000 /* cn.magicdian.staticrouter.helper */ = {isa = PBXFileReference; explicitFileType = "compiled.mach-o.executable"; includeInIndex = 0; path = cn.magicdian.staticrouter.helper; sourceTree = BUILT_PRODUCTS_DIR; };
		396255DF296C075400DB6000 /* main.swift */ = {isa = PBXFileReference; lastKnownFileType = sourcecode.swift; path = main.swift; sourceTree = "<group>"; };
		396255E4296C07FB00DB6000 /* Info.plist */ = {isa = PBXFileReference; lastKnownFileType = text.plist.xml; path = Info.plist; sourceTree = "<group>"; };
		396255E5296C082900DB6000 /* cn.magicdian.staticrouter.helper.plist */ = {isa = PBXFileReference; lastKnownFileType = text.plist.xml; path = "cn.magicdian.staticrouter.helper.plist"; sourceTree = "<group>"; };
		AA000004000000000000BB02 /* cn.magicdian.staticrouter.service.plist */ = {isa = PBXFileReference; lastKnownFileType = text.plist.xml; path = "cn.magicdian.staticrouter.service.plist"; sourceTree = "<group>"; };
		396255F4296C0E8900DB6000 /* SharedConstant.swift */ = {isa = PBXFileReference; lastKnownFileType = sourcecode.swift; path = SharedConstant.swift; sourceTree = "<group>"; };
		396255FC296C124E00DB6000 /* en */ = {isa = PBXFileReference; lastKnownFileType = text.plist.strings; name = en; path = en.lproj/Localizable.strings; sourceTree = "<group>"; };
		396255FE296C12B700DB6000 /* zh-Hans */ = {isa = PBXFileReference; lastKnownFileType = text.plist.strings; name = "zh-Hans"; path = "zh-Hans.lproj/Localizable.strings"; sourceTree = "<group>"; };
		39625603296C204200DB6000 /* HelperToolMonitor.swift */ = {isa = PBXFileReference; lastKnownFileType = sourcecode.swift; path = HelperToolMonitor.swift; sourceTree = "<group>"; };
		39625605296C442F00DB6000 /* HelperToolInfoPropertyList.swift */ = {isa = PBXFileReference; lastKnownFileType = sourcecode.swift; path = HelperToolInfoPropertyList.swift; sourceTree = "<group>"; };
		39625608296C54D400DB6000 /* HelperToolLaunchdPropertyList.swift */ = {isa = PBXFileReference; lastKnownFileType = sourcecode.swift; path = HelperToolLaunchdPropertyList.swift; sourceTree = "<group>"; };
		39625610296EB1E400DB6000 /* ProcessRunner.swift */ = {isa = PBXFileReference; lastKnownFileType = sourcecode.swift; path = ProcessRunner.swift; sourceTree = "<group>"; };
		39625613296EBB1E00DB6000 /* SelfUninstaller.swift */ = {isa = PBXFileReference; lastKnownFileType = sourcecode.swift; path = SelfUninstaller.swift; sourceTree = "<group>"; };
		39625615296EBDC900DB6000 /* CodeInfo.swift */ = {isa = PBXFileReference; lastKnownFileType = sourcecode.swift; path = CodeInfo.swift; sourceTree = "<group>"; };
		3962561A296EE01B00DB6000 /* RouterCommand.swift */ = {isa = PBXFileReference; lastKnownFileType = sourcecode.swift; path = RouterCommand.swift; sourceTree = "<group>"; };
		3962561E296EE01C00DB6000 /* PFRouteWriter.swift */ = {isa = PBXFileReference; lastKnownFileType = sourcecode.swift; path = PFRouteWriter.swift; sourceTree = "<group>"; };
		397520C72729397A00E2D96A /* AppModels.swift */ = {isa = PBXFileReference; lastKnownFileType = sourcecode.swift; path = AppModels.swift; sourceTree = "<group>"; };
		39E84C63260B32BD00776AE7 /* Static Router.app */ = {isa = PBXFileReference; explicitFileType = wrapper.application; includeInIndex = 0; path = "Static Router.app"; sourceTree = BUILT_PRODUCTS_DIR; };
		39E84C66260B32BD00776AE7 /* StaticRouteHelperApp.swift */ = {isa = PBXFileReference; lastKnownFileType = sourcecode.swift; path = StaticRouteHelperApp.swift; sourceTree = "<group>"; };
		39E84C6A260B32BF00776AE7 /* Assets.xcassets */ = {isa = PBXFileReference; lastKnownFileType = folder.assetcatalog; path = Assets.xcassets; sourceTree = "<group>"; };
		39E84C6D260B32BF00776AE7 /* Preview Assets.xcassets */ = {isa = PBXFileReference; lastKnownFileType = folder.assetcatalog; path = "Preview Assets.xcassets"; sourceTree = "<group>"; };
		39E84C6F260B32BF00776AE7 /* Info.plist */ = {isa = PBXFileReference; lastKnownFileType = text.plist.xml; path = Info.plist; sourceTree = "<group>"; };
		39E84C70260B32BF00776AE7 /* StaticRouteHelper.entitlements */ = {isa = PBXFileReference; lastKnownFileType = text.plist.entitlements; path = StaticRouteHelper.entitlements; sourceTree = "<group>"; };
		AA000002000000000000AA01 /* RouteRule.swift */ = {isa = PBXFileReference; lastKnownFileType = sourcecode.swift; path = RouteRule.swift; sourceTree = "<group>"; };
		AA000002000000000000AA02 /* RouteGroup.swift */ = {isa = PBXFileReference; lastKnownFileType = sourcecode.swift; path = RouteGroup.swift; sourceTree = "<group>"; };
		AA000002000000000000AA03 /* RouteValidator.swift */ = {isa = PBXFileReference; lastKnownFileType = sourcecode.swift; path = RouteValidator.swift; sourceTree = "<group>"; };
		AA000002000000000000AA04 /* RouterService.swift */ = {isa = PBXFileReference; lastKnownFileType = sourcecode.swift; path = RouterService.swift; sourceTree = "<group>"; };
		AA000002000000000000AA05 /* CoreDataMigrator.swift */ = {isa = PBXFileReference; lastKnownFileType = sourcecode.swift; path = CoreDataMigrator.swift; sourceTree = "<group>"; };
		AA000002000000000000AA06 /* RouteStateCalibrator.swift */ = {isa = PBXFileReference; lastKnownFileType = sourcecode.swift; path = RouteStateCalibrator.swift; sourceTree = "<group>"; };
		AA000002000000000000AA07 /* SidebarView.swift */ = {isa = PBXFileReference; lastKnownFileType = sourcecode.swift; path = SidebarView.swift; sourceTree = "<group>"; };
		AA000002000000000000AA08 /* GroupSheets.swift */ = {isa = PBXFileReference; lastKnownFileType = sourcecode.swift; path = GroupSheets.swift; sourceTree = "<group>"; };
		AA000002000000000000AA09 /* RouteListView.swift */ = {isa = PBXFileReference; lastKnownFileType = sourcecode.swift; path = RouteListView.swift; sourceTree = "<group>"; };
		AA000002000000000000AA10 /* RouteEditSheet.swift */ = {isa = PBXFileReference; lastKnownFileType = sourcecode.swift; path = RouteEditSheet.swift; sourceTree = "<group>"; };
		AA000002000000000000AA11 /* SystemRouteTableView.swift */ = {isa = PBXFileReference; lastKnownFileType = sourcecode.swift; path = SystemRouteTableView.swift; sourceTree = "<group>"; };
		AA000002000000000000AA12 /* LegacyTextField.swift */ = {isa = PBXFileReference; lastKnownFileType = sourcecode.swift; path = LegacyTextField.swift; sourceTree = "<group>"; };
		AA000002000000000000AA20 /* RouteUtils.swift */ = {isa = PBXFileReference; lastKnownFileType = sourcecode.swift; path = RouteUtils.swift; sourceTree = "<group>"; };
		AA000002000000000000AA21 /* SystemRouteReader.swift */ = {isa = PBXFileReference; lastKnownFileType = sourcecode.swift; path = SystemRouteReader.swift; sourceTree = "<group>"; };
		AA000002000000000000AA30 /* RouteRuleMO.swift */ = {isa = PBXFileReference; lastKnownFileType = sourcecode.swift; path = RouteRuleMO.swift; sourceTree = "<group>"; };
		AA000002000000000000AA31 /* LegacyPersistenceStack.swift */ = {isa = PBXFileReference; lastKnownFileType = sourcecode.swift; path = LegacyPersistenceStack.swift; sourceTree = "<group>"; };
		AA000002000000000000AA32 /* LegacyRouteListView.swift */ = {isa = PBXFileReference; lastKnownFileType = sourcecode.swift; path = LegacyRouteListView.swift; sourceTree = "<group>"; };
		AA000002000000000000AA33 /* StaticRouteLegacy.xcdatamodeld */ = {isa = PBXFileReference; lastKnownFileType = wrapper.xcdatamodeld; path = StaticRouteLegacy.xcdatamodeld; sourceTree = "<group>"; };
		AA000002000000000000BB02 /* InstallMethod.swift */ = {isa = PBXFileReference; lastKnownFileType = sourcecode.swift; path = InstallMethod.swift; sourceTree = "<group>"; };
		AA000002000000000000BB03 /* PrivilegedHelperManager.swift */ = {isa = PBXFileReference; lastKnownFileType = sourcecode.swift; path = PrivilegedHelperManager.swift; sourceTree = "<group>"; };
/* End PBXFileReference section */

/* Begin PBXFrameworksBuildPhase section */
		396255DA296C075400DB6000 /* Frameworks */ = {
			isa = PBXFrameworksBuildPhase;
			buildActionMask = 2147483647;
			files = (
				396255F0296C0D9C00DB6000 /* Blessed in Frameworks */,
				396255F2296C0D9C00DB6000 /* SecureXPC in Frameworks */,
			);
			runOnlyForDeploymentPostprocessing = 0;
		};
		39E84C60260B32BD00776AE7 /* Frameworks */ = {
			isa = PBXFrameworksBuildPhase;
			buildActionMask = 2147483647;
			files = (
				396255EA296C0D7E00DB6000 /* Blessed in Frameworks */,
				396255ED296C0D9300DB6000 /* SecureXPC in Frameworks */,
			);
			runOnlyForDeploymentPostprocessing = 0;
		};
/* End PBXFrameworksBuildPhase section */

/* Begin PBXGroup section */
		39229F3A297107FF0013B40F /* Model */ = {
			isa = PBXGroup;
			children = (
				397520C72729397A00E2D96A /* AppModels.swift */,
				AA000002000000000000AA01 /* RouteRule.swift */,
				AA000002000000000000AA02 /* RouteGroup.swift */,
				AA000002000000000000AA03 /* RouteValidator.swift */,
				AA000002000000000000AA30 /* RouteRuleMO.swift */,
				AA000002000000000000AA33 /* StaticRouteLegacy.xcdatamodeld */,
			);
			path = Model;
			sourceTree = "<group>";
		};
		39229F3B2971085B0013B40F /* Components */ = {
			isa = PBXGroup;
			children = (
				39625603296C204200DB6000 /* HelperToolMonitor.swift */,
			);
			path = Components;
			sourceTree = "<group>";
		};
		39229F3C297108970013B40F /* View */ = {
			isa = PBXGroup;
			children = (
				39229F4829726DCD0013B40F /* Customized */,
				39229F41297262290013B40F /* SettingsView */,
				39229F3029700FFF0013B40F /* MainWindow.swift */,
				AA000002000000000000AA07 /* SidebarView.swift */,
				AA000002000000000000AA08 /* GroupSheets.swift */,
				AA000002000000000000AA09 /* RouteListView.swift */,
				AA000002000000000000AA10 /* RouteEditSheet.swift */,
				AA000002000000000000AA11 /* SystemRouteTableView.swift */,
				AA000002000000000000AA32 /* LegacyRouteListView.swift */,
			);
			path = View;
			sourceTree = "<group>";
		};
		39229F41297262290013B40F /* SettingsView */ = {
			isa = PBXGroup;
			children = (
				39229F3F29725F200013B40F /* SettingsView.swift */,
				39229F4D29728A940013B40F /* SettingsSubViews */,
			);
			path = SettingsView;
			sourceTree = "<group>";
		};
		39229F4829726DCD0013B40F /* Customized */ = {
			isa = PBXGroup;
			children = (
				39229F34297013270013B40F /* MenuBarCommand.swift */,
				39229F4929726E060013B40F /* PaddedDivider.swift */,
				39229F56297400C10013B40F /* ButtonStyle.swift */,
				39229F582974EDBD0013B40F /* ButtonStyleDemoView.swift */,
				AA100001000000000000BB01 /* StatusBanner.swift */,
				AA000002000000000000AA12 /* LegacyTextField.swift */,
			);
			path = Customized;
			sourceTree = "<group>";
		};
		39229F4D29728A940013B40F /* SettingsSubViews */ = {
			isa = PBXGroup;
			children = (
				39229F4B297278C70013B40F /* GeneralSettingsView.swift */,
				39229F4E29728AA20013B40F /* GeneralSettings_HelperStateView.swift */,
				AA100003000000000000BB03 /* InstallMethodChooserSheet.swift */,
				39229F422972624A0013B40F /* AboutView.swift */,
			);
			path = SettingsSubViews;
			sourceTree = "<group>";
		};
		396255DE296C075400DB6000 /* RouteHelper */ = {
			isa = PBXGroup;
			children = (
				396255DF296C075400DB6000 /* main.swift */,
				396255E4296C07FB00DB6000 /* Info.plist */,
				396255E5296C082900DB6000 /* cn.magicdian.staticrouter.helper.plist */,
				AA000004000000000000BB02 /* cn.magicdian.staticrouter.service.plist */,
				39625610296EB1E400DB6000 /* ProcessRunner.swift */,
				3962561E296EE01C00DB6000 /* PFRouteWriter.swift */,
				39625613296EBB1E00DB6000 /* SelfUninstaller.swift */,
			);
			path = RouteHelper;
			sourceTree = "<group>";
		};
		396255EE296C0D9C00DB6000 /* Frameworks */ = {
			isa = PBXGroup;
			children = (
			);
			name = Frameworks;
			sourceTree = "<group>";
		};
		396255F3296C0E7700DB6000 /* Shared */ = {
			isa = PBXGroup;
			children = (
				396255F4296C0E8900DB6000 /* SharedConstant.swift */,
				39625605296C442F00DB6000 /* HelperToolInfoPropertyList.swift */,
				39625608296C54D400DB6000 /* HelperToolLaunchdPropertyList.swift */,
				39625615296EBDC900DB6000 /* CodeInfo.swift */,
				3962561A296EE01B00DB6000 /* RouterCommand.swift */,
			);
			path = Shared;
			sourceTree = "<group>";
		};
		396255F7296C120700DB6000 /* Resources */ = {
			isa = PBXGroup;
			children = (
				396255F8296C121600DB6000 /* Locale */,
			);
			path = Resources;
			sourceTree = "<group>";
		};
		396255F8296C121600DB6000 /* Locale */ = {
			isa = PBXGroup;
			children = (
				396255FD296C124E00DB6000 /* Localizable.strings */,
			);
			path = Locale;
			sourceTree = "<group>";
		};
		39E84C5A260B32BD00776AE7 = {
			isa = PBXGroup;
			children = (
				396255F7296C120700DB6000 /* Resources */,
				396255F3296C0E7700DB6000 /* Shared */,
				39E84C65260B32BD00776AE7 /* StaticRouter */,
				396255DE296C075400DB6000 /* RouteHelper */,
				39E84C64260B32BD00776AE7 /* Products */,
				396255EE296C0D9C00DB6000 /* Frameworks */,
			);
			sourceTree = "<group>";
		};
		39E84C64260B32BD00776AE7 /* Products */ = {
			isa = PBXGroup;
			children = (
				39E84C63260B32BD00776AE7 /* Static Router.app */,
				396255DD296C075400DB6000 /* cn.magicdian.staticrouter.helper */,
			);
			name = Products;
			sourceTree = "<group>";
		};
		39E84C65260B32BD00776AE7 /* StaticRouter */ = {
			isa = PBXGroup;
			children = (
				39E84C66260B32BD00776AE7 /* StaticRouteHelperApp.swift */,
				39229F3C297108970013B40F /* View */,
				39229F3B2971085B0013B40F /* Components */,
				39229F3A297107FF0013B40F /* Model */,
				AA000003000000000000AA01 /* Services */,
				39E84C6A260B32BF00776AE7 /* Assets.xcassets */,
				39E84C6F260B32BF00776AE7 /* Info.plist */,
				39E84C70260B32BF00776AE7 /* StaticRouteHelper.entitlements */,
				39E84C6C260B32BF00776AE7 /* Preview Content */,
			);
			path = StaticRouter;
			sourceTree = "<group>";
		};
		39E84C6C260B32BF00776AE7 /* Preview Content */ = {
			isa = PBXGroup;
			children = (
				39E84C6D260B32BF00776AE7 /* Preview Assets.xcassets */,
			);
			path = "Preview Content";
			sourceTree = "<group>";
		};
		AA000003000000000000AA01 /* Services */ = {
			isa = PBXGroup;
			children = (
				AA000002000000000000AA04 /* RouterService.swift */,
				AA000002000000000000AA05 /* CoreDataMigrator.swift */,
				AA000002000000000000AA06 /* RouteStateCalibrator.swift */,
				AA000002000000000000AA31 /* LegacyPersistenceStack.swift */,
				AA000002000000000000AA20 /* RouteUtils.swift */,
				AA000002000000000000AA21 /* SystemRouteReader.swift */,
				AA000002000000000000BB02 /* InstallMethod.swift */,
				AA000002000000000000BB03 /* PrivilegedHelperManager.swift */,
			);
			path = Services;
			sourceTree = "<group>";
		};
/* End PBXGroup section */

/* Begin PBXNativeTarget section */
		396255DC296C075400DB6000 /* cn.magicdian.staticrouter.helper */ = {
			isa = PBXNativeTarget;
			buildConfigurationList = 396255E1296C075500DB6000 /* Build configuration list for PBXNativeTarget "cn.magicdian.staticrouter.helper" */;
			buildPhases = (
				BB000001000000000000BB01 /* Preprocess Info.plist */,
				396255D9296C075400DB6000 /* Sources */,
				396255DA296C075400DB6000 /* Frameworks */,
				396255DB296C075400DB6000 /* CopyFiles */,
			);
			buildRules = (
			);
			dependencies = (
			);
			name = cn.magicdian.staticrouter.helper;
			packageProductDependencies = (
				396255EF296C0D9C00DB6000 /* Blessed */,
				396255F1296C0D9C00DB6000 /* SecureXPC */,
			);
			productName = RouterHelper;
			productReference = 396255DD296C075400DB6000 /* cn.magicdian.staticrouter.helper */;
			productType = "com.apple.product-type.tool";
		};
		39E84C62260B32BD00776AE7 /* Static Router */ = {
			isa = PBXNativeTarget;
			buildConfigurationList = 39E84C89260B32BF00776AE7 /* Build configuration list for PBXNativeTarget "Static Router" */;
			buildPhases = (
				39E84C5F260B32BD00776AE7 /* Sources */,
				39E84C60260B32BD00776AE7 /* Frameworks */,
				39E84C61260B32BD00776AE7 /* Resources */,
				396255E6296C08CE00DB6000 /* CopyFiles */,
				AA000002000000000000BB01 /* Copy Launchd Plist */,
			);
			buildRules = (
			);
			dependencies = (
			);
			name = "Static Router";
			packageProductDependencies = (
				396255E9296C0D7E00DB6000 /* Blessed */,
				396255EC296C0D9300DB6000 /* SecureXPC */,
			);
			productName = StaticRouteHelper;
			productReference = 39E84C63260B32BD00776AE7 /* Static Router.app */;
			productType = "com.apple.product-type.application";
		};
/* End PBXNativeTarget section */

/* Begin PBXProject section */
		39E84C5B260B32BD00776AE7 /* Project object */ = {
			isa = PBXProject;
			attributes = {
				LastSwiftUpdateCheck = 1420;
				LastUpgradeCheck = 1420;
				TargetAttributes = {
					396255DC296C075400DB6000 = {
						CreatedOnToolsVersion = 14.2;
					};
					39E84C62260B32BD00776AE7 = {
						CreatedOnToolsVersion = 12.4;
					};
				};
			};
			buildConfigurationList = 39E84C5E260B32BD00776AE7 /* Build configuration list for PBXProject "StaticRouteHelper" */;
			compatibilityVersion = "Xcode 9.3";
			developmentRegion = en;
			hasScannedForEncodings = 0;
			knownRegions = (
				en,
				Base,
				"zh-Hans",
			);
			mainGroup = 39E84C5A260B32BD00776AE7;
			packageReferences = (
				396255E8296C0D7E00DB6000 /* XCRemoteSwiftPackageReference "Blessed" */,
				396255EB296C0D9300DB6000 /* XCRemoteSwiftPackageReference "SecureXPC" */,
			);
			productRefGroup = 39E84C64260B32BD00776AE7 /* Products */;
			projectDirPath = "";
			projectRoot = "";
			targets = (
				39E84C62260B32BD00776AE7 /* Static Router */,
				396255DC296C075400DB6000 /* cn.magicdian.staticrouter.helper */,
			);
		};
/* End PBXProject section */

/* Begin PBXResourcesBuildPhase section */
		39E84C61260B32BD00776AE7 /* Resources */ = {
			isa = PBXResourcesBuildPhase;
			buildActionMask = 2147483647;
			files = (
				39E84C6E260B32BF00776AE7 /* Preview Assets.xcassets in Resources */,
				396255FB296C124E00DB6000 /* Localizable.strings in Resources */,
				39E84C6B260B32BF00776AE7 /* Assets.xcassets in Resources */,
				AA000001000000000000AA33 /* StaticRouteLegacy.xcdatamodeld in Resources */,
			);
			runOnlyForDeploymentPostprocessing = 0;
		};
/* End PBXResourcesBuildPhase section */

/* Begin PBXSourcesBuildPhase section */
		396255D9296C075400DB6000 /* Sources */ = {
			isa = PBXSourcesBuildPhase;
			buildActionMask = 2147483647;
			files = (
				3962560A296C54D400DB6000 /* HelperToolLaunchdPropertyList.swift in Sources */,
				396255F6296C0E8900DB6000 /* SharedConstant.swift in Sources */,
				39625607296C442F00DB6000 /* HelperToolInfoPropertyList.swift in Sources */,
				39625611296EB1E400DB6000 /* ProcessRunner.swift in Sources */,
				3962561D296EE01C00DB6000 /* PFRouteWriter.swift in Sources */,
				396255E0296C075400DB6000 /* main.swift in Sources */,
				39625617296EBDC900DB6000 /* CodeInfo.swift in Sources */,
				3962561C296EE01B00DB6000 /* RouterCommand.swift in Sources */,
				39625614296EBB1E00DB6000 /* SelfUninstaller.swift in Sources */,
			);
			runOnlyForDeploymentPostprocessing = 0;
		};
		39E84C5F260B32BD00776AE7 /* Sources */ = {
			isa = PBXSourcesBuildPhase;
			buildActionMask = 2147483647;
			files = (
				39E84C67260B32BD00776AE7 /* StaticRouteHelperApp.swift in Sources */,
				397520C82729397A00E2D96A /* AppModels.swift in Sources */,
				AA000001000000000000AA01 /* RouteRule.swift in Sources */,
				AA000001000000000000AA02 /* RouteGroup.swift in Sources */,
				AA000001000000000000AA03 /* RouteValidator.swift in Sources */,
				AA000001000000000000AA04 /* RouterService.swift in Sources */,
				AA000001000000000000AA05 /* CoreDataMigrator.swift in Sources */,
				AA000001000000000000AA06 /* RouteStateCalibrator.swift in Sources */,
				AA000001000000000000AA20 /* RouteUtils.swift in Sources */,
				AA000001000000000000AA21 /* SystemRouteReader.swift in Sources */,
				AA000001000000000000AA30 /* RouteRuleMO.swift in Sources */,
				AA000001000000000000AA31 /* LegacyPersistenceStack.swift in Sources */,
				39229F3129700FFF0013B40F /* MainWindow.swift in Sources */,
				AA000001000000000000AA07 /* SidebarView.swift in Sources */,
				AA000001000000000000AA08 /* GroupSheets.swift in Sources */,
				AA000001000000000000AA09 /* RouteListView.swift in Sources */,
				AA000001000000000000AA10 /* RouteEditSheet.swift in Sources */,
				AA000001000000000000AA11 /* SystemRouteTableView.swift in Sources */,
				AA000001000000000000AA32 /* LegacyRouteListView.swift in Sources */,
				39229F4029725F200013B40F /* SettingsView.swift in Sources */,
				39229F4C297278C70013B40F /* GeneralSettingsView.swift in Sources */,
				39229F4F29728AA20013B40F /* GeneralSettings_HelperStateView.swift in Sources */,
				AA100004000000000000BB04 /* InstallMethodChooserSheet.swift in Sources */,
				39229F432972624A0013B40F /* AboutView.swift in Sources */,
				39229F35297013270013B40F /* MenuBarCommand.swift in Sources */,
				39229F4A29726E060013B40F /* PaddedDivider.swift in Sources */,
				39229F57297400C10013B40F /* ButtonStyle.swift in Sources */,
				39229F592974EDBD0013B40F /* ButtonStyleDemoView.swift in Sources */,
				AA100002000000000000BB01 /* StatusBanner.swift in Sources */,
				AA000001000000000000AA12 /* LegacyTextField.swift in Sources */,
				39625604296C204200DB6000 /* HelperToolMonitor.swift in Sources */,
				396255F5296C0E8900DB6000 /* SharedConstant.swift in Sources */,
				39625606296C442F00DB6000 /* HelperToolInfoPropertyList.swift in Sources */,
				39625609296C54D400DB6000 /* HelperToolLaunchdPropertyList.swift in Sources */,
				39625616296EBDC900DB6000 /* CodeInfo.swift in Sources */,
				3962561B296EE01B00DB6000 /* RouterCommand.swift in Sources */,
				AA000001000000000000BB02 /* InstallMethod.swift in Sources */,
				AA000001000000000000BB03 /* PrivilegedHelperManager.swift in Sources */,
			);
			runOnlyForDeploymentPostprocessing = 0;
		};
/* End PBXSourcesBuildPhase section */

/* Begin PBXVariantGroup section */
		396255FD296C124E00DB6000 /* Localizable.strings */ = {
			isa = PBXVariantGroup;
			children = (
				396255FC296C124E00DB6000 /* en */,
				396255FE296C12B700DB6000 /* zh-Hans */,
			);
			name = Localizable.strings;
			sourceTree = "<group>";
		};
/* End PBXVariantGroup section */

/* Begin XCBuildConfiguration section */
		396255E2296C075500DB6000 /* Debug */ = {
			isa = XCBuildConfiguration;
			buildSettings = {
				CLANG_CXX_LANGUAGE_STANDARD = "gnu++20";
				CODE_SIGN_IDENTITY = "-";
				"CODE_SIGN_IDENTITY[sdk=macosx*]" = "-";
				CODE_SIGN_STYLE = Manual;
				CURRENT_PROJECT_VERSION = 66;
				DEAD_CODE_STRIPPING = YES;
				DEVELOPMENT_TEAM = "";
				ENABLE_HARDENED_RUNTIME = YES;
				INFOPLIST_FILE = "$(SRCROOT)/RouteHelper/Info.plist";
				MACOSX_DEPLOYMENT_TARGET = 12.0;
				OTHER_LDFLAGS = (
					"-sectcreate",
					__TEXT,
					__info_plist,
					"$(DERIVED_FILE_DIR)/ProcessedInfo.plist",
					"-sectcreate",
					__TEXT,
					__launchd_plist,
					"RouteHelper/cn.magicdian.staticrouter.helper.plist",
				);
				PRODUCT_BUNDLE_IDENTIFIER = cn.magicdian.staticrouter.helper;
				PRODUCT_NAME = "$(TARGET_NAME)";
				SWIFT_ACTIVE_COMPILATION_CONDITIONS = HELPER;
				SWIFT_EMIT_LOC_STRINGS = YES;
				SWIFT_VERSION = 5.0;
			};
			name = Debug;
		};
		396255E3296C075500DB6000 /* Release */ = {
			isa = XCBuildConfiguration;
			buildSettings = {
				CLANG_CXX_LANGUAGE_STANDARD = "gnu++20";
				CODE_SIGN_IDENTITY = "-";
				"CODE_SIGN_IDENTITY[sdk=macosx*]" = "-";
				CODE_SIGN_STYLE = Manual;
				CURRENT_PROJECT_VERSION = 66;
				DEAD_CODE_STRIPPING = YES;
				DEVELOPMENT_TEAM = "";
				ENABLE_HARDENED_RUNTIME = YES;
				INFOPLIST_FILE = "$(SRCROOT)/RouteHelper/Info.plist";
				MACOSX_DEPLOYMENT_TARGET = 12.0;
				OTHER_LDFLAGS = (
					"-sectcreate",
					__TEXT,
					__info_plist,
					"$(DERIVED_FILE_DIR)/ProcessedInfo.plist",
					"-sectcreate",
					__TEXT,
					__launchd_plist,
					"RouteHelper/cn.magicdian.staticrouter.helper.plist",
				);
				PRODUCT_BUNDLE_IDENTIFIER = cn.magicdian.staticrouter.helper;
				PRODUCT_NAME = "$(TARGET_NAME)";
				SWIFT_ACTIVE_COMPILATION_CONDITIONS = HELPER;
				SWIFT_VERSION = 5.0;
			};
			name = Release;
		};
		39E84C87260B32BF00776AE7 /* Debug */ = {
			isa = XCBuildConfiguration;
			buildSettings = {
				ALWAYS_SEARCH_USER_PATHS = NO;
				CLANG_ANALYZER_LOCALIZABILITY_NONLOCALIZED = YES;
				CLANG_ANALYZER_NONNULL = YES;
				CLANG_ANALYZER_NUMBER_OBJECT_CONVERSION = YES_AGGRESSIVE;
				CLANG_CXX_LANGUAGE_STANDARD = "gnu++14";
				CLANG_CXX_LIBRARY = "libc++";
				CLANG_ENABLE_MODULES = YES;
				CLANG_ENABLE_OBJC_ARC = YES;
				CLANG_ENABLE_OBJC_WEAK = YES;
				CLANG_WARN_BLOCK_CAPTURE_AUTORELEASING = YES;
				CLANG_WARN_BOOL_CONVERSION = YES;
				CLANG_WARN_COMMA = YES;
				CLANG_WARN_CONSTANT_CONVERSION = YES;
				CLANG_WARN_DEPRECATED_OBJC_IMPLEMENTATIONS = YES;
				CLANG_WARN_DIRECT_OBJC_ISA_USAGE = YES_ERROR;
				CLANG_WARN_DOCUMENTATION_COMMENTS = YES;
				CLANG_WARN_EMPTY_BODY = YES;
				CLANG_WARN_ENUM_CONVERSION = YES;
				CLANG_WARN_INFINITE_RECURSION = YES;
				CLANG_WARN_INT_CONVERSION = YES;
				CLANG_WARN_NON_LITERAL_NULL_CONVERSION = YES;
				CLANG_WARN_OBJC_IMPLICIT_RETAIN_SELF = YES;
				CLANG_WARN_OBJC_LITERAL_CONVERSION = YES;
				CLANG_WARN_OBJC_ROOT_CLASS = YES_ERROR;
				CLANG_WARN_QUOTED_INCLUDE_IN_FRAMEWORK_HEADER = YES;
				CLANG_WARN_RANGE_LOOP_ANALYSIS = YES;
				CLANG_WARN_STRICT_PROTOTYPES = YES;
				CLANG_WARN_SUSPICIOUS_MOVE = YES;
				CLANG_WARN_UNGUARDED_AVAILABILITY = YES_AGGRESSIVE;
				CLANG_WARN_UNREACHABLE_CODE = YES;
				CLANG_WARN__DUPLICATE_METHOD_MATCH = YES;
				COPY_PHASE_STRIP = NO;
				DEAD_CODE_STRIPPING = YES;
				DEBUG_INFORMATION_FORMAT = dwarf;
				ENABLE_STRICT_OBJC_MSGSEND = YES;
				ENABLE_TESTABILITY = YES;
				GCC_C_LANGUAGE_STANDARD = gnu11;
				GCC_DYNAMIC_NO_PIC = NO;
				GCC_NO_COMMON_BLOCKS = YES;
				GCC_OPTIMIZATION_LEVEL = 0;
				GCC_PREPROCESSOR_DEFINITIONS = (
					"DEBUG=1",
					"$(inherited)",
				);
				GCC_WARN_64_TO_32_BIT_CONVERSION = YES;
				GCC_WARN_ABOUT_RETURN_TYPE = YES_ERROR;
				GCC_WARN_UNDECLARED_SELECTOR = YES;
				GCC_WARN_UNINITIALIZED_AUTOS = YES_AGGRESSIVE;
				GCC_WARN_UNUSED_FUNCTION = YES;
				GCC_WARN_UNUSED_VARIABLE = YES;
				MACOSX_DEPLOYMENT_TARGET = 12.0;
				MTL_ENABLE_DEBUG_INFO = INCLUDE_SOURCE;
				MTL_FAST_MATH = YES;
				ONLY_ACTIVE_ARCH = YES;
				SDKROOT = macosx;
				SWIFT_ACTIVE_COMPILATION_CONDITIONS = DEBUG;
				SWIFT_OPTIMIZATION_LEVEL = "-Onone";
			};
			name = Debug;
		};
		39E84C88260B32BF00776AE7 /* Release */ = {
			isa = XCBuildConfiguration;
			buildSettings = {
				ALWAYS_SEARCH_USER_PATHS = NO;
				CLANG_ANALYZER_LOCALIZABILITY_NONLOCALIZED = YES;
				CLANG_ANALYZER_NONNULL = YES;
				CLANG_ANALYZER_NUMBER_OBJECT_CONVERSION = YES_AGGRESSIVE;
				CLANG_CXX_LANGUAGE_STANDARD = "gnu++14";
				CLANG_CXX_LIBRARY = "libc++";
				CLANG_ENABLE_MODULES = YES;
				CLANG_ENABLE_OBJC_ARC = YES;
				CLANG_ENABLE_OBJC_WEAK = YES;
				CLANG_WARN_BLOCK_CAPTURE_AUTORELEASING = YES;
				CLANG_WARN_BOOL_CONVERSION = YES;
				CLANG_WARN_COMMA = YES;
				CLANG_WARN_CONSTANT_CONVERSION = YES;
				CLANG_WARN_DEPRECATED_OBJC_IMPLEMENTATIONS = YES;
				CLANG_WARN_DIRECT_OBJC_ISA_USAGE = YES_ERROR;
				CLANG_WARN_DOCUMENTATION_COMMENTS = YES;
				CLANG_WARN_EMPTY_BODY = YES;
				CLANG_WARN_ENUM_CONVERSION = YES;
				CLANG_WARN_INFINITE_RECURSION = YES;
				CLANG_WARN_INT_CONVERSION = YES;
				CLANG_WARN_NON_LITERAL_NULL_CONVERSION = YES;
				CLANG_WARN_OBJC_IMPLICIT_RETAIN_SELF = YES;
				CLANG_WARN_OBJC_LITERAL_CONVERSION = YES;
				CLANG_WARN_OBJC_ROOT_CLASS = YES_ERROR;
				CLANG_WARN_QUOTED_INCLUDE_IN_FRAMEWORK_HEADER = YES;
				CLANG_WARN_RANGE_LOOP_ANALYSIS = YES;
				CLANG_WARN_STRICT_PROTOTYPES = YES;
				CLANG_WARN_SUSPICIOUS_MOVE = YES;
				CLANG_WARN_UNGUARDED_AVAILABILITY = YES_AGGRESSIVE;
				CLANG_WARN_UNREACHABLE_CODE = YES;
				CLANG_WARN__DUPLICATE_METHOD_MATCH = YES;
				COPY_PHASE_STRIP = NO;
				DEAD_CODE_STRIPPING = YES;
				DEBUG_INFORMATION_FORMAT = "dwarf-with-dsym";
				ENABLE_NS_ASSERTIONS = NO;
				ENABLE_STRICT_OBJC_MSGSEND = YES;
				GCC_C_LANGUAGE_STANDARD = gnu11;
				GCC_NO_COMMON_BLOCKS = YES;
				GCC_WARN_64_TO_32_BIT_CONVERSION = YES;
				GCC_WARN_ABOUT_RETURN_TYPE = YES_ERROR;
				GCC_WARN_UNDECLARED_SELECTOR = YES;
				GCC_WARN_UNINITIALIZED_AUTOS = YES_AGGRESSIVE;
				GCC_WARN_UNUSED_FUNCTION = YES;
				GCC_WARN_UNUSED_VARIABLE = YES;
				MACOSX_DEPLOYMENT_TARGET = 12.0;
				MTL_ENABLE_DEBUG_INFO = NO;
				MTL_FAST_MATH = YES;
				SDKROOT = macosx;
				SWIFT_COMPILATION_MODE = wholemodule;
				SWIFT_OPTIMIZATION_LEVEL = "-O";
			};
			name = Release;
		};
		39E84C8A260B32BF00776AE7 /* Debug */ = {
			isa = XCBuildConfiguration;
			buildSettings = {
				ASSETCATALOG_COMPILER_APPICON_NAME = AppIcon;
				ASSETCATALOG_COMPILER_GLOBAL_ACCENT_COLOR_NAME = AccentColor;
				CODE_SIGN_ENTITLEMENTS = "$(SRCROOT)/StaticRouter/StaticRouteHelper.entitlements";
				CODE_SIGN_IDENTITY = "-";
				"CODE_SIGN_IDENTITY[sdk=macosx*]" = "-";
				CODE_SIGN_STYLE = Manual;
				COMBINE_HIDPI_IMAGES = YES;
				DEAD_CODE_STRIPPING = YES;
				DEVELOPMENT_ASSET_PATHS = "\"$(SRCROOT)/StaticRouter/Preview Content\"";
				DEVELOPMENT_TEAM = "";
				ENABLE_HARDENED_RUNTIME = YES;
				ENABLE_PREVIEWS = YES;
				INFOPLIST_FILE = "$(SRCROOT)/StaticRouter/Info.plist";
				LD_RUNPATH_SEARCH_PATHS = (
					"$(inherited)",
					"@executable_path/../Frameworks",
				);
				CURRENT_PROJECT_VERSION = 66;
				MACOSX_DEPLOYMENT_TARGET = 12.0;
				MARKETING_VERSION = 2.2.1;
				PRODUCT_BUNDLE_IDENTIFIER = cn.magicdian.staticrouter;
				PRODUCT_NAME = "$(TARGET_NAME)";
				SWIFT_ACTIVE_COMPILATION_CONDITIONS = ROUTER;
				SWIFT_VERSION = 5.0;
			};
			name = Debug;
		};
		39E84C8B260B32BF00776AE7 /* Release */ = {
			isa = XCBuildConfiguration;
			buildSettings = {
				ASSETCATALOG_COMPILER_APPICON_NAME = AppIcon;
				ASSETCATALOG_COMPILER_GLOBAL_ACCENT_COLOR_NAME = AccentColor;
				CODE_SIGN_ENTITLEMENTS = "$(SRCROOT)/StaticRouter/StaticRouteHelper.entitlements";
				CODE_SIGN_IDENTITY = "-";
				"CODE_SIGN_IDENTITY[sdk=macosx*]" = "-";
				CODE_SIGN_STYLE = Manual;
				COMBINE_HIDPI_IMAGES = YES;
				DEAD_CODE_STRIPPING = YES;
				DEVELOPMENT_ASSET_PATHS = "\"$(SRCROOT)/StaticRouter/Preview Content\"";
				DEVELOPMENT_TEAM = "";
				ENABLE_HARDENED_RUNTIME = YES;
				ENABLE_PREVIEWS = YES;
				INFOPLIST_FILE = "$(SRCROOT)/StaticRouter/Info.plist";
				LD_RUNPATH_SEARCH_PATHS = (
					"$(inherited)",
					"@executable_path/../Frameworks",
				);
				CURRENT_PROJECT_VERSION = 66;
				MACOSX_DEPLOYMENT_TARGET = 12.0;
				MARKETING_VERSION = 2.2.1;
				PRODUCT_BUNDLE_IDENTIFIER = cn.magicdian.staticrouter;
				PRODUCT_NAME = "$(TARGET_NAME)";
				SWIFT_ACTIVE_COMPILATION_CONDITIONS = ROUTER;
				SWIFT_VERSION = 5.0;
			};
			name = Release;
		};
/* End XCBuildConfiguration section */

/* Begin XCConfigurationList section */
		396255E1296C075500DB6000 /* Build configuration list for PBXNativeTarget "cn.magicdian.staticrouter.helper" */ = {
			isa = XCConfigurationList;
			buildConfigurations = (
				396255E2296C075500DB6000 /* Debug */,
				396255E3296C075500DB6000 /* Release */,
			);
			defaultConfigurationIsVisible = 0;
			defaultConfigurationName = Release;
		};
		39E84C5E260B32BD00776AE7 /* Build configuration list for PBXProject "StaticRouteHelper" */ = {
			isa = XCConfigurationList;
			buildConfigurations = (
				39E84C87260B32BF00776AE7 /* Debug */,
				39E84C88260B32BF00776AE7 /* Release */,
			);
			defaultConfigurationIsVisible = 0;
			defaultConfigurationName = Release;
		};
		39E84C89260B32BF00776AE7 /* Build configuration list for PBXNativeTarget "Static Router" */ = {
			isa = XCConfigurationList;
			buildConfigurations = (
				39E84C8A260B32BF00776AE7 /* Debug */,
				39E84C8B260B32BF00776AE7 /* Release */,
			);
			defaultConfigurationIsVisible = 0;
			defaultConfigurationName = Release;
		};
/* End XCConfigurationList section */

/* Begin XCRemoteSwiftPackageReference section */
		396255E8296C0D7E00DB6000 /* XCRemoteSwiftPackageReference "Blessed" */ = {
			isa = XCRemoteSwiftPackageReference;
			repositoryURL = "https://github.com/trilemma-dev/Blessed";
			requirement = {
				kind = upToNextMajorVersion;
				minimumVersion = 0.6.0;
			};
		};
		396255EB296C0D9300DB6000 /* XCRemoteSwiftPackageReference "SecureXPC" */ = {
			isa = XCRemoteSwiftPackageReference;
			repositoryURL = "https://github.com/trilemma-dev/SecureXPC";
			requirement = {
				kind = upToNextMajorVersion;
				minimumVersion = 0.8.0;
			};
		};
/* End XCRemoteSwiftPackageReference section */

/* Begin XCSwiftPackageProductDependency section */
		396255E9296C0D7E00DB6000 /* Blessed */ = {
			isa = XCSwiftPackageProductDependency;
			package = 396255E8296C0D7E00DB6000 /* XCRemoteSwiftPackageReference "Blessed" */;
			productName = Blessed;
		};
		396255EC296C0D9300DB6000 /* SecureXPC */ = {
			isa = XCSwiftPackageProductDependency;
			package = 396255EB296C0D9300DB6000 /* XCRemoteSwiftPackageReference "SecureXPC" */;
			productName = SecureXPC;
		};
		396255EF296C0D9C00DB6000 /* Blessed */ = {
			isa = XCSwiftPackageProductDependency;
			package = 396255E8296C0D7E00DB6000 /* XCRemoteSwiftPackageReference "Blessed" */;
			productName = Blessed;
		};
		396255F1296C0D9C00DB6000 /* SecureXPC */ = {
			isa = XCSwiftPackageProductDependency;
			package = 396255EB296C0D9300DB6000 /* XCRemoteSwiftPackageReference "SecureXPC" */;
			productName = SecureXPC;
		};
/* End XCSwiftPackageProductDependency section */
	};
	rootObject = 39E84C5B260B32BD00776AE7 /* Project object */;
}
