// !$*UTF8*$!
{
	archiveVersion = 1;
	classes = {
	};
	objectVersion = 52;
	objects = {

/* Begin PBXBuildFile section */
		396255E0296C075400DB6000 /* main.swift in Sources */ = {isa = PBXBuildFile; fileRef = 396255DF296C075400DB6000 /* main.swift */; };
		396255E7296C08D700DB6000 /* cn.magicdian.staticrouter.helper in CopyFiles */ = {isa = PBXBuildFile; fileRef = 396255DD296C075400DB6000 /* cn.magicdian.staticrouter.helper */; settings = {ATTRIBUTES = (CodeSignOnCopy, ); }; };
		396255EA296C0D7E00DB6000 /* Blessed in Frameworks */ = {isa = PBXBuildFile; productRef = 396255E9296C0D7E00DB6000 /* Blessed */; };
		396255ED296C0D9300DB6000 /* SecureXPC in Frameworks */ = {isa = PBXBuildFile; productRef = 396255EC296C0D9300DB6000 /* SecureXPC */; };
		396255F0296C0D9C00DB6000 /* Blessed in Frameworks */ = {isa = PBXBuildFile; productRef = 396255EF296C0D9C00DB6000 /* Blessed */; };
		396255F2296C0D9C00DB6000 /* SecureXPC in Frameworks */ = {isa = PBXBuildFile; productRef = 396255F1296C0D9C00DB6000 /* SecureXPC */; };
		396255F5296C0E8900DB6000 /* SharedConstant.swift in Sources */ = {isa = PBXBuildFile; fileRef = 396255F4296C0E8900DB6000 /* SharedConstant.swift */; };
		396255F6296C0E8900DB6000 /* SharedConstant.swift in Sources */ = {isa = PBXBuildFile; fileRef = 396255F4296C0E8900DB6000 /* SharedConstant.swift */; };
		396255FB296C124E00DB6000 /* Localizable.strings in Resources */ = {isa = PBXBuildFile; fileRef = 396255FD296C124E00DB6000 /* Localizable.strings */; };
		39625600296C15E900DB6000 /* RouterCore.swift in Sources */ = {isa = PBXBuildFile; fileRef = 396255FF296C15E900DB6000 /* RouterCore.swift */; };
		39625602296C161000DB6000 /* RouterCoreConnector.swift in Sources */ = {isa = PBXBuildFile; fileRef = 39625601296C161000DB6000 /* RouterCoreConnector.swift */; };
		39625604296C204200DB6000 /* HelperToolMonitor.swift in Sources */ = {isa = PBXBuildFile; fileRef = 39625603296C204200DB6000 /* HelperToolMonitor.swift */; };
		39625606296C442F00DB6000 /* HelperToolInfoPropertyList.swift in Sources */ = {isa = PBXBuildFile; fileRef = 39625605296C442F00DB6000 /* HelperToolInfoPropertyList.swift */; };
		39625607296C442F00DB6000 /* HelperToolInfoPropertyList.swift in Sources */ = {isa = PBXBuildFile; fileRef = 39625605296C442F00DB6000 /* HelperToolInfoPropertyList.swift */; };
		39625609296C54D400DB6000 /* HelperToolLaunchdPropertyList.swift in Sources */ = {isa = PBXBuildFile; fileRef = 39625608296C54D400DB6000 /* HelperToolLaunchdPropertyList.swift */; };
		3962560A296C54D400DB6000 /* HelperToolLaunchdPropertyList.swift in Sources */ = {isa = PBXBuildFile; fileRef = 39625608296C54D400DB6000 /* HelperToolLaunchdPropertyList.swift */; };
		3962560C296E4C8500DB6000 /* ContentViewDev.swift in Sources */ = {isa = PBXBuildFile; fileRef = 3962560B296E4C8500DB6000 /* ContentViewDev.swift */; };
		397520C12728EBE900E2D96A /* ProcessHelper.swift in Sources */ = {isa = PBXBuildFile; fileRef = 397520C02728EBE900E2D96A /* ProcessHelper.swift */; };
		397520C42729336C00E2D96A /* PassEnterView.swift in Sources */ = {isa = PBXBuildFile; fileRef = 397520C32729336C00E2D96A /* PassEnterView.swift */; };
		397520C62729381300E2D96A /* ContentScrollView.swift in Sources */ = {isa = PBXBuildFile; fileRef = 397520C52729381300E2D96A /* ContentScrollView.swift */; };
		397520C82729397A00E2D96A /* AppModels.swift in Sources */ = {isa = PBXBuildFile; fileRef = 397520C72729397A00E2D96A /* AppModels.swift */; };
		3982A19F272A72A7002BBF63 /* RouteEnterView.swift in Sources */ = {isa = PBXBuildFile; fileRef = 3982A19E272A72A7002BBF63 /* RouteEnterView.swift */; };
		3982A1A1272A9166002BBF63 /* BuyCoffeeView.swift in Sources */ = {isa = PBXBuildFile; fileRef = 3982A1A0272A9166002BBF63 /* BuyCoffeeView.swift */; };
		3982A1A3272A947A002BBF63 /* HelpView.swift in Sources */ = {isa = PBXBuildFile; fileRef = 3982A1A2272A947A002BBF63 /* HelpView.swift */; };
		3982A1A6272AAF24002BBF63 /* DataModel.xcdatamodeld in Sources */ = {isa = PBXBuildFile; fileRef = 3982A1A4272AAF24002BBF63 /* DataModel.xcdatamodeld */; };
		3982A1A8272AB19D002BBF63 /* CoreDataManager.swift in Sources */ = {isa = PBXBuildFile; fileRef = 3982A1A7272AB19D002BBF63 /* CoreDataManager.swift */; };
		399201C42729962700654ADE /* ContentView.swift in Sources */ = {isa = PBXBuildFile; fileRef = 399201C32729962700654ADE /* ContentView.swift */; };
		39E84C67260B32BD00776AE7 /* StaticRouteHelperApp.swift in Sources */ = {isa = PBXBuildFile; fileRef = 39E84C66260B32BD00776AE7 /* StaticRouteHelperApp.swift */; };
		39E84C6B260B32BF00776AE7 /* Assets.xcassets in Resources */ = {isa = PBXBuildFile; fileRef = 39E84C6A260B32BF00776AE7 /* Assets.xcassets */; };
		39E84C6E260B32BF00776AE7 /* Preview Assets.xcassets in Resources */ = {isa = PBXBuildFile; fileRef = 39E84C6D260B32BF00776AE7 /* Preview Assets.xcassets */; };
/* End PBXBuildFile section */

/* Begin PBXCopyFilesBuildPhase section */
		396255DB296C075400DB6000 /* CopyFiles */ = {
			isa = PBXCopyFilesBuildPhase;
			buildActionMask = 2147483647;
			dstPath = /usr/share/man/man1/;
			dstSubfolderSpec = 0;
			files = (
			);
			runOnlyForDeploymentPostprocessing = 1;
		};
		396255E6296C08CE00DB6000 /* CopyFiles */ = {
			isa = PBXCopyFilesBuildPhase;
			buildActionMask = 2147483647;
			dstPath = Contents/Library/LaunchServices;
			dstSubfolderSpec = 1;
			files = (
				396255E7296C08D700DB6000 /* cn.magicdian.staticrouter.helper in CopyFiles */,
			);
			runOnlyForDeploymentPostprocessing = 0;
		};
/* End PBXCopyFilesBuildPhase section */

/* Begin PBXFileReference section */
		396255DD296C075400DB6000 /* cn.magicdian.staticrouter.helper */ = {isa = PBXFileReference; explicitFileType = "compiled.mach-o.executable"; includeInIndex = 0; path = cn.magicdian.staticrouter.helper; sourceTree = BUILT_PRODUCTS_DIR; };
		396255DF296C075400DB6000 /* main.swift */ = {isa = PBXFileReference; lastKnownFileType = sourcecode.swift; path = main.swift; sourceTree = "<group>"; };
		396255E4296C07FB00DB6000 /* Info.plist */ = {isa = PBXFileReference; lastKnownFileType = text.plist.xml; path = Info.plist; sourceTree = "<group>"; };
		396255E5296C082900DB6000 /* Launchd.plist */ = {isa = PBXFileReference; lastKnownFileType = text.plist.xml; path = Launchd.plist; sourceTree = "<group>"; };
		396255F4296C0E8900DB6000 /* SharedConstant.swift */ = {isa = PBXFileReference; lastKnownFileType = sourcecode.swift; path = SharedConstant.swift; sourceTree = "<group>"; };
		396255FC296C124E00DB6000 /* en */ = {isa = PBXFileReference; lastKnownFileType = text.plist.strings; name = en; path = en.lproj/Localizable.strings; sourceTree = "<group>"; };
		396255FE296C12B700DB6000 /* zh-Hans */ = {isa = PBXFileReference; lastKnownFileType = text.plist.strings; name = "zh-Hans"; path = "zh-Hans.lproj/Localizable.strings"; sourceTree = "<group>"; };
		396255FF296C15E900DB6000 /* RouterCore.swift */ = {isa = PBXFileReference; lastKnownFileType = sourcecode.swift; path = RouterCore.swift; sourceTree = "<group>"; };
		39625601296C161000DB6000 /* RouterCoreConnector.swift */ = {isa = PBXFileReference; lastKnownFileType = sourcecode.swift; path = RouterCoreConnector.swift; sourceTree = "<group>"; };
		39625603296C204200DB6000 /* HelperToolMonitor.swift */ = {isa = PBXFileReference; lastKnownFileType = sourcecode.swift; path = HelperToolMonitor.swift; sourceTree = "<group>"; };
		39625605296C442F00DB6000 /* HelperToolInfoPropertyList.swift */ = {isa = PBXFileReference; lastKnownFileType = sourcecode.swift; path = HelperToolInfoPropertyList.swift; sourceTree = "<group>"; };
		39625608296C54D400DB6000 /* HelperToolLaunchdPropertyList.swift */ = {isa = PBXFileReference; lastKnownFileType = sourcecode.swift; path = HelperToolLaunchdPropertyList.swift; sourceTree = "<group>"; };
		3962560B296E4C8500DB6000 /* ContentViewDev.swift */ = {isa = PBXFileReference; lastKnownFileType = sourcecode.swift; path = ContentViewDev.swift; sourceTree = "<group>"; };
		397520C02728EBE900E2D96A /* ProcessHelper.swift */ = {isa = PBXFileReference; lastKnownFileType = sourcecode.swift; path = ProcessHelper.swift; sourceTree = "<group>"; };
		397520C32729336C00E2D96A /* PassEnterView.swift */ = {isa = PBXFileReference; lastKnownFileType = sourcecode.swift; path = PassEnterView.swift; sourceTree = "<group>"; };
		397520C52729381300E2D96A /* ContentScrollView.swift */ = {isa = PBXFileReference; lastKnownFileType = sourcecode.swift; path = ContentScrollView.swift; sourceTree = "<group>"; };
		397520C72729397A00E2D96A /* AppModels.swift */ = {isa = PBXFileReference; lastKnownFileType = sourcecode.swift; path = AppModels.swift; sourceTree = "<group>"; };
		3982A19E272A72A7002BBF63 /* RouteEnterView.swift */ = {isa = PBXFileReference; lastKnownFileType = sourcecode.swift; path = RouteEnterView.swift; sourceTree = "<group>"; };
		3982A1A0272A9166002BBF63 /* BuyCoffeeView.swift */ = {isa = PBXFileReference; fileEncoding = 4; lastKnownFileType = sourcecode.swift; path = BuyCoffeeView.swift; sourceTree = "<group>"; };
		3982A1A2272A947A002BBF63 /* HelpView.swift */ = {isa = PBXFileReference; fileEncoding = 4; lastKnownFileType = sourcecode.swift; path = HelpView.swift; sourceTree = "<group>"; };
		3982A1A5272AAF24002BBF63 /* DataModel.xcdatamodel */ = {isa = PBXFileReference; lastKnownFileType = wrapper.xcdatamodel; path = DataModel.xcdatamodel; sourceTree = "<group>"; };
		3982A1A7272AB19D002BBF63 /* CoreDataManager.swift */ = {isa = PBXFileReference; lastKnownFileType = sourcecode.swift; path = CoreDataManager.swift; sourceTree = "<group>"; };
		399201C32729962700654ADE /* ContentView.swift */ = {isa = PBXFileReference; fileEncoding = 4; lastKnownFileType = sourcecode.swift; path = ContentView.swift; sourceTree = "<group>"; };
		39E84C63260B32BD00776AE7 /* Static Router.app */ = {isa = PBXFileReference; explicitFileType = wrapper.application; includeInIndex = 0; path = "Static Router.app"; sourceTree = BUILT_PRODUCTS_DIR; };
		39E84C66260B32BD00776AE7 /* StaticRouteHelperApp.swift */ = {isa = PBXFileReference; lastKnownFileType = sourcecode.swift; path = StaticRouteHelperApp.swift; sourceTree = "<group>"; };
		39E84C6A260B32BF00776AE7 /* Assets.xcassets */ = {isa = PBXFileReference; lastKnownFileType = folder.assetcatalog; path = Assets.xcassets; sourceTree = "<group>"; };
		39E84C6D260B32BF00776AE7 /* Preview Assets.xcassets */ = {isa = PBXFileReference; lastKnownFileType = folder.assetcatalog; path = "Preview Assets.xcassets"; sourceTree = "<group>"; };
		39E84C6F260B32BF00776AE7 /* Info.plist */ = {isa = PBXFileReference; lastKnownFileType = text.plist.xml; path = Info.plist; sourceTree = "<group>"; };
		39E84C70260B32BF00776AE7 /* StaticRouteHelper.entitlements */ = {isa = PBXFileReference; lastKnownFileType = text.plist.entitlements; path = StaticRouteHelper.entitlements; sourceTree = "<group>"; };
/* End PBXFileReference section */

/* Begin PBXFrameworksBuildPhase section */
		396255DA296C075400DB6000 /* Frameworks */ = {
			isa = PBXFrameworksBuildPhase;
			buildActionMask = 2147483647;
			files = (
				396255F0296C0D9C00DB6000 /* Blessed in Frameworks */,
				396255F2296C0D9C00DB6000 /* SecureXPC in Frameworks */,
			);
			runOnlyForDeploymentPostprocessing = 0;
		};
		39E84C60260B32BD00776AE7 /* Frameworks */ = {
			isa = PBXFrameworksBuildPhase;
			buildActionMask = 2147483647;
			files = (
				396255EA296C0D7E00DB6000 /* Blessed in Frameworks */,
				396255ED296C0D9300DB6000 /* SecureXPC in Frameworks */,
			);
			runOnlyForDeploymentPostprocessing = 0;
		};
/* End PBXFrameworksBuildPhase section */

/* Begin PBXGroup section */
		396255DE296C075400DB6000 /* RouteHelper */ = {
			isa = PBXGroup;
			children = (
				396255DF296C075400DB6000 /* main.swift */,
				396255E4296C07FB00DB6000 /* Info.plist */,
				396255E5296C082900DB6000 /* Launchd.plist */,
			);
			path = RouteHelper;
			sourceTree = "<group>";
		};
		396255EE296C0D9C00DB6000 /* Frameworks */ = {
			isa = PBXGroup;
			children = (
			);
			name = Frameworks;
			sourceTree = "<group>";
		};
		396255F3296C0E7700DB6000 /* Shared */ = {
			isa = PBXGroup;
			children = (
				396255F4296C0E8900DB6000 /* SharedConstant.swift */,
				39625605296C442F00DB6000 /* HelperToolInfoPropertyList.swift */,
				39625608296C54D400DB6000 /* HelperToolLaunchdPropertyList.swift */,
			);
			path = Shared;
			sourceTree = "<group>";
		};
		396255F7296C120700DB6000 /* Resources */ = {
			isa = PBXGroup;
			children = (
				396255F8296C121600DB6000 /* Locale */,
			);
			path = Resources;
			sourceTree = "<group>";
		};
		396255F8296C121600DB6000 /* Locale */ = {
			isa = PBXGroup;
			children = (
				396255FD296C124E00DB6000 /* Localizable.strings */,
			);
			path = Locale;
			sourceTree = "<group>";
		};
		397520C22729335700E2D96A /* ChildViews */ = {
			isa = PBXGroup;
			children = (
				397520C32729336C00E2D96A /* PassEnterView.swift */,
				3982A1A2272A947A002BBF63 /* HelpView.swift */,
				3982A1A0272A9166002BBF63 /* BuyCoffeeView.swift */,
				3982A19E272A72A7002BBF63 /* RouteEnterView.swift */,
				397520C52729381300E2D96A /* ContentScrollView.swift */,
			);
			path = ChildViews;
			sourceTree = "<group>";
		};
		39E84C5A260B32BD00776AE7 = {
			isa = PBXGroup;
			children = (
				396255F7296C120700DB6000 /* Resources */,
				396255F3296C0E7700DB6000 /* Shared */,
				39E84C65260B32BD00776AE7 /* StaticRouter */,
				396255DE296C075400DB6000 /* RouteHelper */,
				39E84C64260B32BD00776AE7 /* Products */,
				396255EE296C0D9C00DB6000 /* Frameworks */,
			);
			sourceTree = "<group>";
		};
		39E84C64260B32BD00776AE7 /* Products */ = {
			isa = PBXGroup;
			children = (
				39E84C63260B32BD00776AE7 /* Static Router.app */,
				396255DD296C075400DB6000 /* cn.magicdian.staticrouter.helper */,
			);
			name = Products;
			sourceTree = "<group>";
		};
		39E84C65260B32BD00776AE7 /* StaticRouter */ = {
			isa = PBXGroup;
			children = (
				39E84C66260B32BD00776AE7 /* StaticRouteHelperApp.swift */,
				397520C02728EBE900E2D96A /* ProcessHelper.swift */,
				399201C32729962700654ADE /* ContentView.swift */,
				397520C72729397A00E2D96A /* AppModels.swift */,
				3982A1A7272AB19D002BBF63 /* CoreDataManager.swift */,
				397520C22729335700E2D96A /* ChildViews */,
				39E84C6A260B32BF00776AE7 /* Assets.xcassets */,
				3982A1A4272AAF24002BBF63 /* DataModel.xcdatamodeld */,
				39E84C6F260B32BF00776AE7 /* Info.plist */,
				39E84C70260B32BF00776AE7 /* StaticRouteHelper.entitlements */,
				39E84C6C260B32BF00776AE7 /* Preview Content */,
				396255FF296C15E900DB6000 /* RouterCore.swift */,
				39625601296C161000DB6000 /* RouterCoreConnector.swift */,
				39625603296C204200DB6000 /* HelperToolMonitor.swift */,
				3962560B296E4C8500DB6000 /* ContentViewDev.swift */,
			);
			path = StaticRouter;
			sourceTree = "<group>";
		};
		39E84C6C260B32BF00776AE7 /* Preview Content */ = {
			isa = PBXGroup;
			children = (
				39E84C6D260B32BF00776AE7 /* Preview Assets.xcassets */,
			);
			path = "Preview Content";
			sourceTree = "<group>";
		};
/* End PBXGroup section */

/* Begin PBXNativeTarget section */
		396255DC296C075400DB6000 /* cn.magicdian.staticrouter.helper */ = {
			isa = PBXNativeTarget;
			buildConfigurationList = 396255E1296C075500DB6000 /* Build configuration list for PBXNativeTarget "cn.magicdian.staticrouter.helper" */;
			buildPhases = (
				396255D9296C075400DB6000 /* Sources */,
				396255DA296C075400DB6000 /* Frameworks */,
				396255DB296C075400DB6000 /* CopyFiles */,
			);
			buildRules = (
			);
			dependencies = (
			);
			name = cn.magicdian.staticrouter.helper;
			packageProductDependencies = (
				396255EF296C0D9C00DB6000 /* Blessed */,
				396255F1296C0D9C00DB6000 /* SecureXPC */,
			);
			productName = RouterHelper;
			productReference = 396255DD296C075400DB6000 /* cn.magicdian.staticrouter.helper */;
			productType = "com.apple.product-type.tool";
		};
		39E84C62260B32BD00776AE7 /* Static Router */ = {
			isa = PBXNativeTarget;
			buildConfigurationList = 39E84C89260B32BF00776AE7 /* Build configuration list for PBXNativeTarget "Static Router" */;
			buildPhases = (
				39E84C5F260B32BD00776AE7 /* Sources */,
				39E84C60260B32BD00776AE7 /* Frameworks */,
				39E84C61260B32BD00776AE7 /* Resources */,
				396255E6296C08CE00DB6000 /* CopyFiles */,
			);
			buildRules = (
			);
			dependencies = (
			);
			name = "Static Router";
			packageProductDependencies = (
				396255E9296C0D7E00DB6000 /* Blessed */,
				396255EC296C0D9300DB6000 /* SecureXPC */,
			);
			productName = StaticRouteHelper;
			productReference = 39E84C63260B32BD00776AE7 /* Static Router.app */;
			productType = "com.apple.product-type.application";
		};
/* End PBXNativeTarget section */

/* Begin PBXProject section */
		39E84C5B260B32BD00776AE7 /* Project object */ = {
			isa = PBXProject;
			attributes = {
				LastSwiftUpdateCheck = 1420;
				LastUpgradeCheck = 1420;
				TargetAttributes = {
					396255DC296C075400DB6000 = {
						CreatedOnToolsVersion = 14.2;
					};
					39E84C62260B32BD00776AE7 = {
						CreatedOnToolsVersion = 12.4;
					};
				};
			};
			buildConfigurationList = 39E84C5E260B32BD00776AE7 /* Build configuration list for PBXProject "StaticRouteHelper" */;
			compatibilityVersion = "Xcode 9.3";
			developmentRegion = en;
			hasScannedForEncodings = 0;
			knownRegions = (
				en,
				Base,
				"zh-Hans",
			);
			mainGroup = 39E84C5A260B32BD00776AE7;
			packageReferences = (
				396255E8296C0D7E00DB6000 /* XCRemoteSwiftPackageReference "Blessed" */,
				396255EB296C0D9300DB6000 /* XCRemoteSwiftPackageReference "SecureXPC" */,
			);
			productRefGroup = 39E84C64260B32BD00776AE7 /* Products */;
			projectDirPath = "";
			projectRoot = "";
			targets = (
				39E84C62260B32BD00776AE7 /* Static Router */,
				396255DC296C075400DB6000 /* cn.magicdian.staticrouter.helper */,
			);
		};
/* End PBXProject section */

/* Begin PBXResourcesBuildPhase section */
		39E84C61260B32BD00776AE7 /* Resources */ = {
			isa = PBXResourcesBuildPhase;
			buildActionMask = 2147483647;
			files = (
				39E84C6E260B32BF00776AE7 /* Preview Assets.xcassets in Resources */,
				396255FB296C124E00DB6000 /* Localizable.strings in Resources */,
				39E84C6B260B32BF00776AE7 /* Assets.xcassets in Resources */,
			);
			runOnlyForDeploymentPostprocessing = 0;
		};
/* End PBXResourcesBuildPhase section */

/* Begin PBXSourcesBuildPhase section */
		396255D9296C075400DB6000 /* Sources */ = {
			isa = PBXSourcesBuildPhase;
			buildActionMask = 2147483647;
			files = (
				3962560A296C54D400DB6000 /* HelperToolLaunchdPropertyList.swift in Sources */,
				396255F6296C0E8900DB6000 /* SharedConstant.swift in Sources */,
				39625607296C442F00DB6000 /* HelperToolInfoPropertyList.swift in Sources */,
				396255E0296C075400DB6000 /* main.swift in Sources */,
			);
			runOnlyForDeploymentPostprocessing = 0;
		};
		39E84C5F260B32BD00776AE7 /* Sources */ = {
			isa = PBXSourcesBuildPhase;
			buildActionMask = 2147483647;
			files = (
				397520C82729397A00E2D96A /* AppModels.swift in Sources */,
				3982A1A8272AB19D002BBF63 /* CoreDataManager.swift in Sources */,
				3982A1A6272AAF24002BBF63 /* DataModel.xcdatamodeld in Sources */,
				3982A1A1272A9166002BBF63 /* BuyCoffeeView.swift in Sources */,
				397520C12728EBE900E2D96A /* ProcessHelper.swift in Sources */,
				399201C42729962700654ADE /* ContentView.swift in Sources */,
				39625600296C15E900DB6000 /* RouterCore.swift in Sources */,
				39625602296C161000DB6000 /* RouterCoreConnector.swift in Sources */,
				3962560C296E4C8500DB6000 /* ContentViewDev.swift in Sources */,
				3982A1A3272A947A002BBF63 /* HelpView.swift in Sources */,
				3982A19F272A72A7002BBF63 /* RouteEnterView.swift in Sources */,
				396255F5296C0E8900DB6000 /* SharedConstant.swift in Sources */,
				39625604296C204200DB6000 /* HelperToolMonitor.swift in Sources */,
				39625606296C442F00DB6000 /* HelperToolInfoPropertyList.swift in Sources */,
				397520C42729336C00E2D96A /* PassEnterView.swift in Sources */,
				397520C62729381300E2D96A /* ContentScrollView.swift in Sources */,
				39625609296C54D400DB6000 /* HelperToolLaunchdPropertyList.swift in Sources */,
				39E84C67260B32BD00776AE7 /* StaticRouteHelperApp.swift in Sources */,
			);
			runOnlyForDeploymentPostprocessing = 0;
		};
/* End PBXSourcesBuildPhase section */

/* Begin PBXVariantGroup section */
		396255FD296C124E00DB6000 /* Localizable.strings */ = {
			isa = PBXVariantGroup;
			children = (
				396255FC296C124E00DB6000 /* en */,
				396255FE296C12B700DB6000 /* zh-Hans */,
			);
			name = Localizable.strings;
			sourceTree = "<group>";
		};
/* End PBXVariantGroup section */

/* Begin XCBuildConfiguration section */
		396255E2296C075500DB6000 /* Debug */ = {
			isa = XCBuildConfiguration;
			buildSettings = {
				CLANG_CXX_LANGUAGE_STANDARD = "gnu++20";
				CODE_SIGN_IDENTITY = "-";
				CODE_SIGN_STYLE = Automatic;
				DEAD_CODE_STRIPPING = YES;
				DEVELOPMENT_TEAM = BR63YT2EJJ;
				ENABLE_HARDENED_RUNTIME = YES;
				INFOPLIST_FILE = "$(SRCROOT)/RouteHelper/Info.plist";
				MACOSX_DEPLOYMENT_TARGET = 12.6;
				OTHER_LDFLAGS = (
					"-sectcreate",
					__TEXT,
					__info_plist,
					RouteHelper/Info.plist,
					"-sectcreate",
					__TEXT,
					__launchd_plist,
					RouteHelper/Launchd.plist,
				);
				PRODUCT_BUNDLE_IDENTIFIER = cn.magicdian.staticrouter.helper;
				PRODUCT_NAME = "$(TARGET_NAME)";
				SWIFT_ACTIVE_COMPILATION_CONDITIONS = HELPER;
				SWIFT_VERSION = 5.0;
			};
			name = Debug;
		};
		396255E3296C075500DB6000 /* Release */ = {
			isa = XCBuildConfiguration;
			buildSettings = {
				CLANG_CXX_LANGUAGE_STANDARD = "gnu++20";
				CODE_SIGN_IDENTITY = "-";
				CODE_SIGN_STYLE = Automatic;
				DEAD_CODE_STRIPPING = YES;
				DEVELOPMENT_TEAM = BR63YT2EJJ;
				ENABLE_HARDENED_RUNTIME = YES;
				INFOPLIST_FILE = "$(SRCROOT)/RouteHelper/Info.plist";
				MACOSX_DEPLOYMENT_TARGET = 12.6;
				OTHER_LDFLAGS = (
					"-sectcreate",
					__TEXT,
					__info_plist,
					RouteHelper/Info.plist,
					"-sectcreate",
					__TEXT,
					__launchd_plist,
					RouteHelper/Launchd.plist,
				);
				PRODUCT_BUNDLE_IDENTIFIER = cn.magicdian.staticrouter.helper;
				PRODUCT_NAME = "$(TARGET_NAME)";
				SWIFT_ACTIVE_COMPILATION_CONDITIONS = HELPER;
				SWIFT_VERSION = 5.0;
			};
			name = Release;
		};
		39E84C87260B32BF00776AE7 /* Debug */ = {
			isa = XCBuildConfiguration;
			buildSettings = {
				ALWAYS_SEARCH_USER_PATHS = NO;
				CLANG_ANALYZER_LOCALIZABILITY_NONLOCALIZED = YES;
				CLANG_ANALYZER_NONNULL = YES;
				CLANG_ANALYZER_NUMBER_OBJECT_CONVERSION = YES_AGGRESSIVE;
				CLANG_CXX_LANGUAGE_STANDARD = "gnu++14";
				CLANG_CXX_LIBRARY = "libc++";
				CLANG_ENABLE_MODULES = YES;
				CLANG_ENABLE_OBJC_ARC = YES;
				CLANG_ENABLE_OBJC_WEAK = YES;
				CLANG_WARN_BLOCK_CAPTURE_AUTORELEASING = YES;
				CLANG_WARN_BOOL_CONVERSION = YES;
				CLANG_WARN_COMMA = YES;
				CLANG_WARN_CONSTANT_CONVERSION = YES;
				CLANG_WARN_DEPRECATED_OBJC_IMPLEMENTATIONS = YES;
				CLANG_WARN_DIRECT_OBJC_ISA_USAGE = YES_ERROR;
				CLANG_WARN_DOCUMENTATION_COMMENTS = YES;
				CLANG_WARN_EMPTY_BODY = YES;
				CLANG_WARN_ENUM_CONVERSION = YES;
				CLANG_WARN_INFINITE_RECURSION = YES;
				CLANG_WARN_INT_CONVERSION = YES;
				CLANG_WARN_NON_LITERAL_NULL_CONVERSION = YES;
				CLANG_WARN_OBJC_IMPLICIT_RETAIN_SELF = YES;
				CLANG_WARN_OBJC_LITERAL_CONVERSION = YES;
				CLANG_WARN_OBJC_ROOT_CLASS = YES_ERROR;
				CLANG_WARN_QUOTED_INCLUDE_IN_FRAMEWORK_HEADER = YES;
				CLANG_WARN_RANGE_LOOP_ANALYSIS = YES;
				CLANG_WARN_STRICT_PROTOTYPES = YES;
				CLANG_WARN_SUSPICIOUS_MOVE = YES;
				CLANG_WARN_UNGUARDED_AVAILABILITY = YES_AGGRESSIVE;
				CLANG_WARN_UNREACHABLE_CODE = YES;
				CLANG_WARN__DUPLICATE_METHOD_MATCH = YES;
				COPY_PHASE_STRIP = NO;
				DEAD_CODE_STRIPPING = YES;
				DEBUG_INFORMATION_FORMAT = dwarf;
				ENABLE_STRICT_OBJC_MSGSEND = YES;
				ENABLE_TESTABILITY = YES;
				GCC_C_LANGUAGE_STANDARD = gnu11;
				GCC_DYNAMIC_NO_PIC = NO;
				GCC_NO_COMMON_BLOCKS = YES;
				GCC_OPTIMIZATION_LEVEL = 0;
				GCC_PREPROCESSOR_DEFINITIONS = (
					"DEBUG=1",
					"$(inherited)",
				);
				GCC_WARN_64_TO_32_BIT_CONVERSION = YES;
				GCC_WARN_ABOUT_RETURN_TYPE = YES_ERROR;
				GCC_WARN_UNDECLARED_SELECTOR = YES;
				GCC_WARN_UNINITIALIZED_AUTOS = YES_AGGRESSIVE;
				GCC_WARN_UNUSED_FUNCTION = YES;
				GCC_WARN_UNUSED_VARIABLE = YES;
				MACOSX_DEPLOYMENT_TARGET = 11.0;
				MTL_ENABLE_DEBUG_INFO = INCLUDE_SOURCE;
				MTL_FAST_MATH = YES;
				ONLY_ACTIVE_ARCH = YES;
				SDKROOT = macosx;
				SWIFT_ACTIVE_COMPILATION_CONDITIONS = DEBUG;
				SWIFT_OPTIMIZATION_LEVEL = "-Onone";
			};
			name = Debug;
		};
		39E84C88260B32BF00776AE7 /* Release */ = {
			isa = XCBuildConfiguration;
			buildSettings = {
				ALWAYS_SEARCH_USER_PATHS = NO;
				CLANG_ANALYZER_LOCALIZABILITY_NONLOCALIZED = YES;
				CLANG_ANALYZER_NONNULL = YES;
				CLANG_ANALYZER_NUMBER_OBJECT_CONVERSION = YES_AGGRESSIVE;
				CLANG_CXX_LANGUAGE_STANDARD = "gnu++14";
				CLANG_CXX_LIBRARY = "libc++";
				CLANG_ENABLE_MODULES = YES;
				CLANG_ENABLE_OBJC_ARC = YES;
				CLANG_ENABLE_OBJC_WEAK = YES;
				CLANG_WARN_BLOCK_CAPTURE_AUTORELEASING = YES;
				CLANG_WARN_BOOL_CONVERSION = YES;
				CLANG_WARN_COMMA = YES;
				CLANG_WARN_CONSTANT_CONVERSION = YES;
				CLANG_WARN_DEPRECATED_OBJC_IMPLEMENTATIONS = YES;
				CLANG_WARN_DIRECT_OBJC_ISA_USAGE = YES_ERROR;
				CLANG_WARN_DOCUMENTATION_COMMENTS = YES;
				CLANG_WARN_EMPTY_BODY = YES;
				CLANG_WARN_ENUM_CONVERSION = YES;
				CLANG_WARN_INFINITE_RECURSION = YES;
				CLANG_WARN_INT_CONVERSION = YES;
				CLANG_WARN_NON_LITERAL_NULL_CONVERSION = YES;
				CLANG_WARN_OBJC_IMPLICIT_RETAIN_SELF = YES;
				CLANG_WARN_OBJC_LITERAL_CONVERSION = YES;
				CLANG_WARN_OBJC_ROOT_CLASS = YES_ERROR;
				CLANG_WARN_QUOTED_INCLUDE_IN_FRAMEWORK_HEADER = YES;
				CLANG_WARN_RANGE_LOOP_ANALYSIS = YES;
				CLANG_WARN_STRICT_PROTOTYPES = YES;
				CLANG_WARN_SUSPICIOUS_MOVE = YES;
				CLANG_WARN_UNGUARDED_AVAILABILITY = YES_AGGRESSIVE;
				CLANG_WARN_UNREACHABLE_CODE = YES;
				CLANG_WARN__DUPLICATE_METHOD_MATCH = YES;
				COPY_PHASE_STRIP = NO;
				DEAD_CODE_STRIPPING = YES;
				DEBUG_INFORMATION_FORMAT = "dwarf-with-dsym";
				ENABLE_NS_ASSERTIONS = NO;
				ENABLE_STRICT_OBJC_MSGSEND = YES;
				GCC_C_LANGUAGE_STANDARD = gnu11;
				GCC_NO_COMMON_BLOCKS = YES;
				GCC_WARN_64_TO_32_BIT_CONVERSION = YES;
				GCC_WARN_ABOUT_RETURN_TYPE = YES_ERROR;
				GCC_WARN_UNDECLARED_SELECTOR = YES;
				GCC_WARN_UNINITIALIZED_AUTOS = YES_AGGRESSIVE;
				GCC_WARN_UNUSED_FUNCTION = YES;
				GCC_WARN_UNUSED_VARIABLE = YES;
				MACOSX_DEPLOYMENT_TARGET = 11.0;
				MTL_ENABLE_DEBUG_INFO = NO;
				MTL_FAST_MATH = YES;
				SDKROOT = macosx;
				SWIFT_COMPILATION_MODE = wholemodule;
				SWIFT_OPTIMIZATION_LEVEL = "-O";
			};
			name = Release;
		};
		39E84C8A260B32BF00776AE7 /* Debug */ = {
			isa = XCBuildConfiguration;
			buildSettings = {
				ASSETCATALOG_COMPILER_APPICON_NAME = AppIcon;
				ASSETCATALOG_COMPILER_GLOBAL_ACCENT_COLOR_NAME = AccentColor;
				CODE_SIGN_ENTITLEMENTS = "$(SRCROOT)/StaticRouter/StaticRouteHelper.entitlements";
				CODE_SIGN_IDENTITY = "Apple Development";
				"CODE_SIGN_IDENTITY[sdk=macosx*]" = "Apple Development";
				CODE_SIGN_STYLE = Automatic;
				COMBINE_HIDPI_IMAGES = YES;
				DEAD_CODE_STRIPPING = YES;
				DEVELOPMENT_ASSET_PATHS = "\"$(SRCROOT)/StaticRouter/Preview Content\"";
				DEVELOPMENT_TEAM = BR63YT2EJJ;
				ENABLE_HARDENED_RUNTIME = YES;
				ENABLE_PREVIEWS = YES;
				INFOPLIST_FILE = "$(SRCROOT)/StaticRouter/Info.plist";
				LD_RUNPATH_SEARCH_PATHS = (
					"$(inherited)",
					"@executable_path/../Frameworks",
				);
				MACOSX_DEPLOYMENT_TARGET = 11.0;
				MARKETING_VERSION = 1.0.0;
				PRODUCT_BUNDLE_IDENTIFIER = cn.magicdian.staticrouter;
				PRODUCT_NAME = "$(TARGET_NAME)";
				SWIFT_ACTIVE_COMPILATION_CONDITIONS = ROUTER;
				SWIFT_VERSION = 5.0;
			};
			name = Debug;
		};
		39E84C8B260B32BF00776AE7 /* Release */ = {
			isa = XCBuildConfiguration;
			buildSettings = {
				ASSETCATALOG_COMPILER_APPICON_NAME = AppIcon;
				ASSETCATALOG_COMPILER_GLOBAL_ACCENT_COLOR_NAME = AccentColor;
				CODE_SIGN_ENTITLEMENTS = "$(SRCROOT)/StaticRouter/StaticRouteHelper.entitlements";
				CODE_SIGN_IDENTITY = "-";
				"CODE_SIGN_IDENTITY[sdk=macosx*]" = "Apple Development";
				CODE_SIGN_STYLE = Automatic;
				COMBINE_HIDPI_IMAGES = YES;
				DEAD_CODE_STRIPPING = YES;
				DEVELOPMENT_ASSET_PATHS = "\"$(SRCROOT)/StaticRouter/Preview Content\"";
				DEVELOPMENT_TEAM = BR63YT2EJJ;
				ENABLE_HARDENED_RUNTIME = YES;
				ENABLE_PREVIEWS = YES;
				INFOPLIST_FILE = "$(SRCROOT)/StaticRouter/Info.plist";
				LD_RUNPATH_SEARCH_PATHS = (
					"$(inherited)",
					"@executable_path/../Frameworks",
				);
				MACOSX_DEPLOYMENT_TARGET = 11.0;
				MARKETING_VERSION = 1.0.0;
				PRODUCT_BUNDLE_IDENTIFIER = cn.magicdian.staticrouter;
				PRODUCT_NAME = "$(TARGET_NAME)";
				SWIFT_ACTIVE_COMPILATION_CONDITIONS = ROUTER;
				SWIFT_VERSION = 5.0;
			};
			name = Release;
		};
/* End XCBuildConfiguration section */

/* Begin XCConfigurationList section */
		396255E1296C075500DB6000 /* Build configuration list for PBXNativeTarget "cn.magicdian.staticrouter.helper" */ = {
			isa = XCConfigurationList;
			buildConfigurations = (
				396255E2296C075500DB6000 /* Debug */,
				396255E3296C075500DB6000 /* Release */,
			);
			defaultConfigurationIsVisible = 0;
			defaultConfigurationName = Release;
		};
		39E84C5E260B32BD00776AE7 /* Build configuration list for PBXProject "StaticRouteHelper" */ = {
			isa = XCConfigurationList;
			buildConfigurations = (
				39E84C87260B32BF00776AE7 /* Debug */,
				39E84C88260B32BF00776AE7 /* Release */,
			);
			defaultConfigurationIsVisible = 0;
			defaultConfigurationName = Release;
		};
		39E84C89260B32BF00776AE7 /* Build configuration list for PBXNativeTarget "Static Router" */ = {
			isa = XCConfigurationList;
			buildConfigurations = (
				39E84C8A260B32BF00776AE7 /* Debug */,
				39E84C8B260B32BF00776AE7 /* Release */,
			);
			defaultConfigurationIsVisible = 0;
			defaultConfigurationName = Release;
		};
/* End XCConfigurationList section */

/* Begin XCRemoteSwiftPackageReference section */
		396255E8296C0D7E00DB6000 /* XCRemoteSwiftPackageReference "Blessed" */ = {
			isa = XCRemoteSwiftPackageReference;
			repositoryURL = "https://github.com/trilemma-dev/Blessed";
			requirement = {
				kind = upToNextMajorVersion;
				minimumVersion = 0.6.0;
			};
		};
		396255EB296C0D9300DB6000 /* XCRemoteSwiftPackageReference "SecureXPC" */ = {
			isa = XCRemoteSwiftPackageReference;
			repositoryURL = "https://github.com/trilemma-dev/SecureXPC";
			requirement = {
				kind = upToNextMajorVersion;
				minimumVersion = 0.8.0;
			};
		};
/* End XCRemoteSwiftPackageReference section */

/* Begin XCSwiftPackageProductDependency section */
		396255E9296C0D7E00DB6000 /* Blessed */ = {
			isa = XCSwiftPackageProductDependency;
			package = 396255E8296C0D7E00DB6000 /* XCRemoteSwiftPackageReference "Blessed" */;
			productName = Blessed;
		};
		396255EC296C0D9300DB6000 /* SecureXPC */ = {
			isa = XCSwiftPackageProductDependency;
			package = 396255EB296C0D9300DB6000 /* XCRemoteSwiftPackageReference "SecureXPC" */;
			productName = SecureXPC;
		};
		396255EF296C0D9C00DB6000 /* Blessed */ = {
			isa = XCSwiftPackageProductDependency;
			package = 396255E8296C0D7E00DB6000 /* XCRemoteSwiftPackageReference "Blessed" */;
			productName = Blessed;
		};
		396255F1296C0D9C00DB6000 /* SecureXPC */ = {
			isa = XCSwiftPackageProductDependency;
			package = 396255EB296C0D9300DB6000 /* XCRemoteSwiftPackageReference "SecureXPC" */;
			productName = SecureXPC;
		};
/* End XCSwiftPackageProductDependency section */

/* Begin XCVersionGroup section */
		3982A1A4272AAF24002BBF63 /* DataModel.xcdatamodeld */ = {
			isa = XCVersionGroup;
			children = (
				3982A1A5272AAF24002BBF63 /* DataModel.xcdatamodel */,
			);
			currentVersion = 3982A1A5272AAF24002BBF63 /* DataModel.xcdatamodel */;
			path = DataModel.xcdatamodeld;
			sourceTree = "<group>";
			versionGroupType = wrapper.xcdatamodel;
		};
/* End XCVersionGroup section */
	};
	rootObject = 39E84C5B260B32BD00776AE7 /* Project object */;
}
